// !$*UTF8*$!
{
	archiveVersion = 1;
	classes = {
	};
	objectVersion = 60;
	objects = {

/* Begin PBXBuildFile section */
		400000000000000000000001 /* HotPatchFeature.Pricing.swift in Sources */ = {isa = PBXBuildFile; fileRef = 100000000000000000000001 /* HotPatchFeature.Pricing.swift */; };
		400000000000000000000006 /* HotPatchDemo.Application.swift in Sources */ = {isa = PBXBuildFile; fileRef = 100000000000000000000007 /* HotPatchDemo.Application.swift */; };
		400000000000000000000009 /* HotPatchFeature.framework in Frameworks */ = {isa = PBXBuildFile; fileRef = 100000000000000000000020 /* HotPatchFeature.framework */; };
		40000000000000000000000B /* HelixAppRuntime in Frameworks */ = {isa = PBXBuildFile; productRef = 710000000000000000000001 /* HelixAppRuntime */; };
		40000000000000000000000C /* HotPatchFeature.framework in Embed Frameworks */ = {isa = PBXBuildFile; fileRef = 100000000000000000000020 /* HotPatchFeature.framework */; settings = {ATTRIBUTES = (CodeSignOnCopy, RemoveHeadersOnCopy, ); }; };
		40000000000000000000000E /* LiveReloadFeature.Screen.swift in Sources */ = {isa = PBXBuildFile; fileRef = 100000000000000000000008 /* LiveReloadFeature.Screen.swift */; };
		400000000000000000000013 /* LiveReloadDemo.Application.swift in Sources */ = {isa = PBXBuildFile; fileRef = 10000000000000000000000E /* LiveReloadDemo.Application.swift */; };
		400000000000000000000016 /* LiveReloadFeature.framework in Frameworks */ = {isa = PBXBuildFile; fileRef = 100000000000000000000023 /* LiveReloadFeature.framework */; };
		400000000000000000000018 /* HelixDevAppRuntime in Frameworks */ = {isa = PBXBuildFile; productRef = 710000000000000000000002 /* HelixDevAppRuntime */; };
		400000000000000000000019 /* LiveReloadFeature.framework in Embed Frameworks */ = {isa = PBXBuildFile; fileRef = 100000000000000000000023 /* LiveReloadFeature.framework */; settings = {ATTRIBUTES = (CodeSignOnCopy, RemoveHeadersOnCopy, ); }; };
/* End PBXBuildFile section */

/* Begin PBXContainerItemProxy section */
		800000000000000000000002 /* Hot App -> Hot Feature */ = {isa = PBXContainerItemProxy; containerPortal = 000000000000000000000001 /* Project object */; proxyType = 1; remoteGlobalIDString = 200000000000000000000001; remoteInfo = HotPatchFeature; };
		800000000000000000000005 /* Live App -> Live Feature */ = {isa = PBXContainerItemProxy; containerPortal = 000000000000000000000001 /* Project object */; proxyType = 1; remoteGlobalIDString = 200000000000000000000004; remoteInfo = LiveReloadFeature; };
/* End PBXContainerItemProxy section */

/* Begin PBXCopyFilesBuildPhase section */
		300000000000000000000007 /* Embed Frameworks */ = {isa = PBXCopyFilesBuildPhase; buildActionMask = 2147483647; dstPath = ""; dstSubfolderSpec = 10; files = (40000000000000000000000C /* HotPatchFeature.framework in Embed Frameworks */, ); name = "Embed Frameworks"; runOnlyForDeploymentPostprocessing = 0; };
		30000000000000000000000F /* Embed Frameworks */ = {isa = PBXCopyFilesBuildPhase; buildActionMask = 2147483647; dstPath = ""; dstSubfolderSpec = 10; files = (400000000000000000000019 /* LiveReloadFeature.framework in Embed Frameworks */, ); name = "Embed Frameworks"; runOnlyForDeploymentPostprocessing = 0; };
/* End PBXCopyFilesBuildPhase section */

/* Begin PBXFileReference section */
		100000000000000000000001 /* HotPatchFeature.Pricing.swift */ = {isa = PBXFileReference; lastKnownFileType = sourcecode.swift; path = HotPatchFeature/Sources/HotPatchFeature.Pricing.swift; sourceTree = SOURCE_ROOT; };
		100000000000000000000007 /* HotPatchDemo.Application.swift */ = {isa = PBXFileReference; lastKnownFileType = sourcecode.swift; path = HotPatchDemo/HotPatchDemo.Application.swift; sourceTree = SOURCE_ROOT; };
		100000000000000000000008 /* LiveReloadFeature.Screen.swift */ = {isa = PBXFileReference; lastKnownFileType = sourcecode.swift; path = LiveReloadFeature/Sources/LiveReloadFeature.Screen.swift; sourceTree = SOURCE_ROOT; };
		10000000000000000000000E /* LiveReloadDemo.Application.swift */ = {isa = PBXFileReference; lastKnownFileType = sourcecode.swift; path = LiveReloadDemo/LiveReloadDemo.Application.swift; sourceTree = SOURCE_ROOT; };
		10000000000000000000001A /* LiveReloadDemo Info.plist */ = {isa = PBXFileReference; lastKnownFileType = text.plist.xml; path = LiveReloadDemo/Info.plist; sourceTree = SOURCE_ROOT; };
		10000000000000000000000F /* DemoBootstrap.sh */ = {isa = PBXFileReference; lastKnownFileType = text.script.sh; path = Scripts/DemoBootstrap.sh; sourceTree = SOURCE_ROOT; };
		100000000000000000000012 /* QuickPatchRecipe.json */ = {isa = PBXFileReference; lastKnownFileType = text.json; path = Configurations/Helix/QuickPatchRecipe.json; sourceTree = SOURCE_ROOT; };
		100000000000000000000020 /* HotPatchFeature.framework */ = {isa = PBXFileReference; explicitFileType = wrapper.framework; includeInIndex = 0; path = HotPatchFeature.framework; sourceTree = BUILT_PRODUCTS_DIR; };
		100000000000000000000022 /* HotPatchDemo.app */ = {isa = PBXFileReference; explicitFileType = wrapper.application; includeInIndex = 0; path = HotPatchDemo.app; sourceTree = BUILT_PRODUCTS_DIR; };
		100000000000000000000023 /* LiveReloadFeature.framework */ = {isa = PBXFileReference; explicitFileType = wrapper.framework; includeInIndex = 0; path = LiveReloadFeature.framework; sourceTree = BUILT_PRODUCTS_DIR; };
		100000000000000000000025 /* LiveReloadDemo.app */ = {isa = PBXFileReference; explicitFileType = wrapper.application; includeInIndex = 0; path = LiveReloadDemo.app; sourceTree = BUILT_PRODUCTS_DIR; };
		0430BE9A7C74B53C3E5DF762 = { isa = PBXFileReference; lastKnownFileType = text.xcconfig; path = .helix/xcode/ProjectConfigurations/live-Feature-Debug.xcconfig; sourceTree = SOURCE_ROOT; };
		470A9367D46E0B6653874C41 = { isa = PBXFileReference; lastKnownFileType = text.xcconfig; path = .helix/xcode/ProjectConfigurations/hot-Feature-Release.xcconfig; sourceTree = SOURCE_ROOT; };
		54D073472E092506035BEBA1 = { isa = PBXFileReference; lastKnownFileType = text.xcconfig; path = .helix/xcode/ProjectConfigurations/hot-Application-Release.xcconfig; sourceTree = SOURCE_ROOT; };
		B75141418F1FD602E229E826 = { isa = PBXFileReference; lastKnownFileType = text.xcconfig; path = .helix/xcode/ProjectConfigurations/live-Application-Debug.xcconfig; sourceTree = SOURCE_ROOT; };
/* End PBXFileReference section */

/* Begin PBXFrameworksBuildPhase section */
		300000000000000000000002 /* Frameworks */ = {isa = PBXFrameworksBuildPhase; buildActionMask = 2147483647; files = (); runOnlyForDeploymentPostprocessing = 0; };
		300000000000000000000006 /* Frameworks */ = {isa = PBXFrameworksBuildPhase; buildActionMask = 2147483647; files = (400000000000000000000009 /* HotPatchFeature.framework in Frameworks */, 40000000000000000000000B /* HelixAppRuntime in Frameworks */, ); runOnlyForDeploymentPostprocessing = 0; };
		30000000000000000000000A /* Frameworks */ = {isa = PBXFrameworksBuildPhase; buildActionMask = 2147483647; files = (); runOnlyForDeploymentPostprocessing = 0; };
		30000000000000000000000E /* Frameworks */ = {isa = PBXFrameworksBuildPhase; buildActionMask = 2147483647; files = (400000000000000000000016 /* LiveReloadFeature.framework in Frameworks */, 400000000000000000000018 /* HelixDevAppRuntime in Frameworks */, ); runOnlyForDeploymentPostprocessing = 0; };
/* End PBXFrameworksBuildPhase section */

/* Begin PBXGroup section */
		000000000000000000000002 = {isa = PBXGroup; children = (000000000000000000000004 /* Hot Patch Feature */, 000000000000000000000006 /* Hot Patch App */, 000000000000000000000007 /* Live Reload Feature */, 000000000000000000000009 /* Live Reload App */, 00000000000000000000000A /* Configuration */, 00000000000000000000000B /* Scripts */, 000000000000000000000003 /* Products */, ); sourceTree = "<group>"; };
		000000000000000000000003 /* Products */ = {isa = PBXGroup; children = (100000000000000000000020 /* HotPatchFeature.framework */, 100000000000000000000022 /* HotPatchDemo.app */, 100000000000000000000023 /* LiveReloadFeature.framework */, 100000000000000000000025 /* LiveReloadDemo.app */, ); name = Products; sourceTree = "<group>"; };
		000000000000000000000004 /* Hot Patch Feature */ = {isa = PBXGroup; children = (100000000000000000000001 /* HotPatchFeature.Pricing.swift */, ); name = "Hot Patch Feature"; sourceTree = "<group>"; };
		000000000000000000000006 /* Hot Patch App */ = {isa = PBXGroup; children = (100000000000000000000007 /* HotPatchDemo.Application.swift */, ); name = "Hot Patch App"; sourceTree = "<group>"; };
		000000000000000000000007 /* Live Reload Feature */ = {isa = PBXGroup; children = (100000000000000000000008 /* LiveReloadFeature.Screen.swift */, ); name = "Live Reload Feature"; sourceTree = "<group>"; };
		000000000000000000000009 /* Live Reload App */ = {isa = PBXGroup; children = (10000000000000000000000E /* LiveReloadDemo.Application.swift */, 10000000000000000000001A /* LiveReloadDemo Info.plist */, ); name = "Live Reload App"; sourceTree = "<group>"; };
		00000000000000000000000A /* Configuration */ = {isa = PBXGroup; children = (100000000000000000000012 /* QuickPatchRecipe.json */, ); name = Configuration; sourceTree = "<group>"; };
		00000000000000000000000B /* Scripts */ = {isa = PBXGroup; children = (10000000000000000000000F /* DemoBootstrap.sh */, ); name = Scripts; sourceTree = "<group>"; };
/* End PBXGroup section */

/* Begin PBXNativeTarget section */
		200000000000000000000001 /* HotPatchFeature */ = {isa = PBXNativeTarget; buildConfigurationList = 600000000000000000000002; buildPhases = (300000000000000000000001 /* Sources */, 5748D160830FE75172F55B9E, 300000000000000000000002 /* Frameworks */, ); buildRules = (); dependencies = (); name = HotPatchFeature; packageProductDependencies = (); productName = HotPatchFeature; productReference = 100000000000000000000020 /* HotPatchFeature.framework */; productType = "com.apple.product-type.framework"; };
		200000000000000000000003 = { buildConfigurationList = 600000000000000000000004; buildPhases = (BA86DB73A54E70F639557FFD, 73A6E1676B83114E979E1356, 300000000000000000000005, 300000000000000000000006, 300000000000000000000007, ); buildRules = (); dependencies = (810000000000000000000002, ); isa = PBXNativeTarget; name = HotPatchDemo; packageProductDependencies = (710000000000000000000001, ); productName = HotPatchDemo; productReference = 100000000000000000000022; productType = com.apple.product-type.application; };
		200000000000000000000004 /* LiveReloadFeature */ = {isa = PBXNativeTarget; buildConfigurationList = 600000000000000000000005; buildPhases = (300000000000000000000009 /* Sources */, A7B0401F01398B961F09F34, 30000000000000000000000A /* Frameworks */, ); buildRules = (); dependencies = (); name = LiveReloadFeature; packageProductDependencies = (); productName = LiveReloadFeature; productReference = 100000000000000000000023 /* LiveReloadFeature.framework */; productType = "com.apple.product-type.framework"; };
		200000000000000000000006 = { buildConfigurationList = 600000000000000000000007; buildPhases = (87BA16C96B8475BACED40EFF, 30000000000000000000000D, 30000000000000000000000E, 30000000000000000000000F, ); buildRules = (); dependencies = (810000000000000000000005, ); isa = PBXNativeTarget; name = LiveReloadDemo; packageProductDependencies = (710000000000000000000002, ); productName = LiveReloadDemo; productReference = 100000000000000000000025; productType = com.apple.product-type.application; };
/* End PBXNativeTarget section */

/* Begin PBXProject section */
		000000000000000000000001 = { attributes = { BuildIndependentTargetsInParallel = 1; LastSwiftUpdateCheck = 2660; LastUpgradeCheck = 2660; TargetAttributes = { 200000000000000000000001 = { CreatedOnToolsVersion = 26.0; }; 200000000000000000000003 = { CreatedOnToolsVersion = 26.0; }; 200000000000000000000004 = { CreatedOnToolsVersion = 26.0; }; 200000000000000000000006 = { CreatedOnToolsVersion = 26.0; }; }; }; buildConfigurationList = 600000000000000000000001; compatibilityVersion = "Xcode 15.0"; developmentRegion = en; hasScannedForEncodings = 0; isa = PBXProject; knownRegions = (en, Base, ); mainGroup = 000000000000000000000002; packageReferences = (700000000000000000000001, ); productRefGroup = 000000000000000000000003; projectDirPath = ""; projectRoot = ""; targets = (200000000000000000000001, 200000000000000000000003, 200000000000000000000004, 200000000000000000000006, A46A0C8164B496BED182453B, ); };
/* End PBXProject section */

/* Begin PBXSourcesBuildPhase section */
		300000000000000000000001 /* Sources */ = {isa = PBXSourcesBuildPhase; buildActionMask = 2147483647; files = (400000000000000000000001 /* HotPatchFeature.Pricing.swift in Sources */, ); runOnlyForDeploymentPostprocessing = 0; };
		300000000000000000000005 /* Sources */ = {isa = PBXSourcesBuildPhase; buildActionMask = 2147483647; files = (400000000000000000000006 /* HotPatchDemo.Application.swift in Sources */, ); runOnlyForDeploymentPostprocessing = 0; };
		300000000000000000000009 /* Sources */ = {isa = PBXSourcesBuildPhase; buildActionMask = 2147483647; files = (40000000000000000000000E /* LiveReloadFeature.Screen.swift in Sources */, ); runOnlyForDeploymentPostprocessing = 0; };
		30000000000000000000000D /* Sources */ = {isa = PBXSourcesBuildPhase; buildActionMask = 2147483647; files = (400000000000000000000013 /* LiveReloadDemo.Application.swift in Sources */, ); runOnlyForDeploymentPostprocessing = 0; };
/* End PBXSourcesBuildPhase section */

/* Begin PBXTargetDependency section */
		810000000000000000000002 /* Hot App -> Hot Feature */ = {isa = PBXTargetDependency; target = 200000000000000000000001 /* HotPatchFeature */; targetProxy = 800000000000000000000002 /* Hot App -> Hot Feature */; };
		810000000000000000000005 /* Live App -> Live Feature */ = {isa = PBXTargetDependency; target = 200000000000000000000004 /* LiveReloadFeature */; targetProxy = 800000000000000000000005 /* Live App -> Live Feature */; };
/* End PBXTargetDependency section */

/* Begin XCBuildConfiguration section */
		500000000000000000000001 /* Debug */ = {isa = XCBuildConfiguration; buildSettings = {ALWAYS_SEARCH_USER_PATHS = NO; CLANG_ENABLE_MODULES = YES; DEBUG_INFORMATION_FORMAT = dwarf; ENABLE_TESTABILITY = YES; IPHONEOS_DEPLOYMENT_TARGET = 15.0; ONLY_ACTIVE_ARCH = YES; SDKROOT = iphoneos; SWIFT_ACTIVE_COMPILATION_CONDITIONS = DEBUG; SWIFT_OPTIMIZATION_LEVEL = "-Onone"; SWIFT_TREAT_WARNINGS_AS_ERRORS = YES; SWIFT_VERSION = 6.0; }; name = Debug; };
		500000000000000000000002 /* Release */ = {isa = XCBuildConfiguration; buildSettings = {ALWAYS_SEARCH_USER_PATHS = NO; CLANG_ENABLE_MODULES = YES; DEBUG_INFORMATION_FORMAT = "dwarf-with-dsym"; IPHONEOS_DEPLOYMENT_TARGET = 15.0; SDKROOT = iphoneos; SWIFT_COMPILATION_MODE = wholemodule; SWIFT_OPTIMIZATION_LEVEL = "-O"; SWIFT_TREAT_WARNINGS_AS_ERRORS = YES; SWIFT_VERSION = 6.0; }; name = Release; };
		500000000000000000000003 /* Debug */ = {isa = XCBuildConfiguration; buildSettings = {ARCHS = arm64; CODE_SIGNING_ALLOWED = NO; CURRENT_PROJECT_VERSION = 1; DEFINES_MODULE = YES; GENERATE_INFOPLIST_FILE = YES; MARKETING_VERSION = 1.0.0; PRODUCT_BUNDLE_IDENTIFIER = dev.helix.hot-patch-demo.feature; PRODUCT_NAME = "$(TARGET_NAME)"; SKIP_INSTALL = YES; SUPPORTED_PLATFORMS = "iphoneos iphonesimulator"; }; name = Debug; };
		500000000000000000000004 = { baseConfigurationReference = 470A9367D46E0B6653874C41; buildSettings = { ARCHS = arm64; CODE_SIGNING_ALLOWED = NO; CURRENT_PROJECT_VERSION = 1; DEFINES_MODULE = YES; GENERATE_INFOPLIST_FILE = YES; MARKETING_VERSION = 1.0.0; PRODUCT_BUNDLE_IDENTIFIER = dev.helix.hot-patch-demo.feature; PRODUCT_NAME = "$(TARGET_NAME)"; SKIP_INSTALL = YES; SUPPORTED_PLATFORMS = "iphoneos iphonesimulator"; }; isa = XCBuildConfiguration; name = Release; };
		500000000000000000000007 /* Debug */ = {isa = XCBuildConfiguration; buildSettings = {ALWAYS_EMBED_SWIFT_STANDARD_LIBRARIES = YES; ARCHS = arm64; "CODE_SIGNING_ALLOWED[sdk=iphonesimulator*]" = NO; CODE_SIGN_STYLE = Automatic; CURRENT_PROJECT_VERSION = 1; DEAD_CODE_STRIPPING = NO; ENABLE_USER_SCRIPT_SANDBOXING = NO; GENERATE_INFOPLIST_FILE = YES; INFOPLIST_KEY_CFBundleDisplayName = "Helix Hot Patch"; INFOPLIST_KEY_UILaunchScreen_Generation = YES; LD_RUNPATH_SEARCH_PATHS = "$(inherited) @executable_path/Frameworks"; MARKETING_VERSION = 1.0.0; PRODUCT_BUNDLE_IDENTIFIER = dev.helix.hot-patch-demo; PRODUCT_MODULE_NAME = HotPatchDemo; PRODUCT_NAME = "$(TARGET_NAME)"; SUPPORTED_PLATFORMS = "iphoneos iphonesimulator"; TARGETED_DEVICE_FAMILY = 1; }; name = Debug; };
		500000000000000000000008 = { baseConfigurationReference = 54D073472E092506035BEBA1; buildSettings = { ALWAYS_EMBED_SWIFT_STANDARD_LIBRARIES = YES; ARCHS = arm64; "CODE_SIGNING_ALLOWED[sdk=iphonesimulator*]" = NO; CODE_SIGN_STYLE = Automatic; CURRENT_PROJECT_VERSION = 1; DEAD_CODE_STRIPPING = NO; ENABLE_USER_SCRIPT_SANDBOXING = NO; GENERATE_INFOPLIST_FILE = YES; INFOPLIST_KEY_CFBundleDisplayName = "Helix Hot Patch"; INFOPLIST_KEY_UILaunchScreen_Generation = YES; LD_RUNPATH_SEARCH_PATHS = "$(inherited) @executable_path/Frameworks"; MARKETING_VERSION = 1.0.0; PRODUCT_BUNDLE_IDENTIFIER = dev.helix.hot-patch-demo; PRODUCT_MODULE_NAME = HotPatchDemo; PRODUCT_NAME = "$(TARGET_NAME)"; SUPPORTED_PLATFORMS = "iphoneos iphonesimulator"; TARGETED_DEVICE_FAMILY = 1; }; isa = XCBuildConfiguration; name = Release; };
		500000000000000000000009 = { baseConfigurationReference = 0430BE9A7C74B53C3E5DF762; buildSettings = { ARCHS = arm64; CODE_SIGNING_ALLOWED = NO; CURRENT_PROJECT_VERSION = 1; DEFINES_MODULE = YES; GENERATE_INFOPLIST_FILE = YES; MARKETING_VERSION = 1.0.0; PRODUCT_BUNDLE_IDENTIFIER = dev.helix.live-reload-demo.feature; PRODUCT_NAME = "$(TARGET_NAME)"; SKIP_INSTALL = YES; SUPPORTED_PLATFORMS = "iphoneos iphonesimulator"; }; isa = XCBuildConfiguration; name = Debug; };
		50000000000000000000000A /* Release */ = {isa = XCBuildConfiguration; buildSettings = {ARCHS = arm64; CODE_SIGNING_ALLOWED = NO; CURRENT_PROJECT_VERSION = 1; DEFINES_MODULE = YES; GENERATE_INFOPLIST_FILE = YES; MARKETING_VERSION = 1.0.0; PRODUCT_BUNDLE_IDENTIFIER = dev.helix.live-reload-demo.feature; PRODUCT_NAME = "$(TARGET_NAME)"; SKIP_INSTALL = YES; SUPPORTED_PLATFORMS = "iphoneos iphonesimulator"; }; name = Release; };
		50000000000000000000000D = { baseConfigurationReference = B75141418F1FD602E229E826; buildSettings = { ALWAYS_EMBED_SWIFT_STANDARD_LIBRARIES = YES; ARCHS = arm64; "CODE_SIGNING_ALLOWED[sdk=iphonesimulator*]" = NO; CODE_SIGN_STYLE = Automatic; CURRENT_PROJECT_VERSION = 1; GENERATE_INFOPLIST_FILE = YES; INFOPLIST_FILE = LiveReloadDemo/Info.plist; INFOPLIST_KEY_CFBundleDisplayName = "Helix Live Reload"; INFOPLIST_KEY_UILaunchScreen_Generation = YES; LD_RUNPATH_SEARCH_PATHS = "$(inherited) @executable_path/Frameworks"; MARKETING_VERSION = 1.0.0; PRODUCT_BUNDLE_IDENTIFIER = dev.helix.live-reload-demo; PRODUCT_MODULE_NAME = LiveReloadDemo; PRODUCT_NAME = "$(TARGET_NAME)"; SUPPORTED_PLATFORMS = "iphoneos iphonesimulator"; TARGETED_DEVICE_FAMILY = 1; }; isa = XCBuildConfiguration; name = Debug; };
		50000000000000000000000E /* Release */ = {isa = XCBuildConfiguration; buildSettings = {ALWAYS_EMBED_SWIFT_STANDARD_LIBRARIES = YES; ARCHS = arm64; "CODE_SIGNING_ALLOWED[sdk=iphonesimulator*]" = NO; CODE_SIGN_STYLE = Automatic; CURRENT_PROJECT_VERSION = 1; GENERATE_INFOPLIST_FILE = YES; INFOPLIST_FILE = LiveReloadDemo/Info.plist; INFOPLIST_KEY_CFBundleDisplayName = "Helix Live Reload"; INFOPLIST_KEY_UILaunchScreen_Generation = YES; LD_RUNPATH_SEARCH_PATHS = "$(inherited) @executable_path/Frameworks"; MARKETING_VERSION = 1.0.0; PRODUCT_BUNDLE_IDENTIFIER = dev.helix.live-reload-demo; PRODUCT_MODULE_NAME = LiveReloadDemo; PRODUCT_NAME = "$(TARGET_NAME)"; SUPPORTED_PLATFORMS = "iphoneos iphonesimulator"; TARGETED_DEVICE_FAMILY = 1; }; name = Release; };
		0513D2C9F44F504A970FC3A6 = { buildSettings = { ARCHS = arm64; ONLY_ACTIVE_ARCH = YES; SDKROOT = iphoneos; SUPPORTED_PLATFORMS = "iphoneos iphonesimulator"; SWIFT_EXEC = "$(TOOLCHAIN_DIR)/usr/bin/swiftc"; }; isa = XCBuildConfiguration; name = Debug; };
		1531DAF3BA4EC52A050D24AE = { buildSettings = { ARCHS = arm64; ONLY_ACTIVE_ARCH = YES; SDKROOT = iphoneos; SUPPORTED_PLATFORMS = "iphoneos iphonesimulator"; SWIFT_EXEC = "$(TOOLCHAIN_DIR)/usr/bin/swiftc"; }; isa = XCBuildConfiguration; name = Release; };
/* End XCBuildConfiguration section */

/* Begin XCConfigurationList section */
		600000000000000000000001 = {isa = XCConfigurationList; buildConfigurations = (500000000000000000000001 /* Debug */, 500000000000000000000002 /* Release */, ); defaultConfigurationIsVisible = 0; defaultConfigurationName = Debug; };
		600000000000000000000002 = {isa = XCConfigurationList; buildConfigurations = (500000000000000000000003 /* Debug */, 500000000000000000000004 /* Release */, ); defaultConfigurationIsVisible = 0; defaultConfigurationName = Release; };
		600000000000000000000004 = {isa = XCConfigurationList; buildConfigurations = (500000000000000000000007 /* Debug */, 500000000000000000000008 /* Release */, ); defaultConfigurationIsVisible = 0; defaultConfigurationName = Release; };
		600000000000000000000005 = {isa = XCConfigurationList; buildConfigurations = (500000000000000000000009 /* Debug */, 50000000000000000000000A /* Release */, ); defaultConfigurationIsVisible = 0; defaultConfigurationName = Debug; };
		600000000000000000000007 = {isa = XCConfigurationList; buildConfigurations = (50000000000000000000000D /* Debug */, 50000000000000000000000E /* Release */, ); defaultConfigurationIsVisible = 0; defaultConfigurationName = Debug; };
		52843C93660308DB33D42F15 = { buildConfigurations = (0513D2C9F44F504A970FC3A6, 1531DAF3BA4EC52A050D24AE, ); defaultConfigurationIsVisible = 0; defaultConfigurationName = Release; isa = XCConfigurationList; };
/* End XCConfigurationList section */

/* Begin XCLocalSwiftPackageReference section */
		700000000000000000000001 /* XCLocalSwiftPackageReference ".." */ = {isa = XCLocalSwiftPackageReference; relativePath = ..; };
/* End XCLocalSwiftPackageReference section */

/* Begin XCSwiftPackageProductDependency section */
		710000000000000000000001 /* HelixAppRuntime */ = {isa = XCSwiftPackageProductDependency; package = 700000000000000000000001 /* XCLocalSwiftPackageReference ".." */; productName = HelixAppRuntime; };
		710000000000000000000002 /* HelixDevAppRuntime */ = {isa = XCSwiftPackageProductDependency; package = 700000000000000000000001 /* XCLocalSwiftPackageReference ".." */; productName = HelixDevAppRuntime; };
/* End XCSwiftPackageProductDependency section */

/* Begin PBXAggregateTarget section */
		A46A0C8164B496BED182453B = { buildConfigurationList = 52843C93660308DB33D42F15; buildPhases = (); buildRules = (); dependencies = (); isa = PBXAggregateTarget; name = HelixPatchAction; productName = HelixPatchAction; };
/* End PBXAggregateTarget section */

/* Begin PBXShellScriptBuildPhase section */
		5748D160830FE75172F55B9E = { alwaysOutOfDate = 1; buildActionMask = 2147483647; files = (); inputPaths = (); isa = PBXShellScriptBuildPhase; name = "Helix Prepare (Generated)"; outputPaths = (); runOnlyForDeploymentPostprocessing = 0; shellPath = /bin/sh; shellScript = "exec /bin/sh \"${HELIX_INTEGRATION_ROOT:?}/Profiles/${HELIX_PROFILE_ID:?}/prepare.sh\""; showEnvVarsInLog = 0; };
		73A6E1676B83114E979E1356 = { alwaysOutOfDate = 1; buildActionMask = 2147483647; files = (); inputPaths = (); isa = PBXShellScriptBuildPhase; name = "Embed Helix Trust Root (Generated)"; outputPaths = (); runOnlyForDeploymentPostprocessing = 0; shellPath = /bin/sh; shellScript = "set -eu\nif [ -z \"${HELIX_PATCH_TRUSTED_ROOT:-}\" ]; then\n    exit 0\nfi\n/usr/bin/install -m 0444 \"$HELIX_PATCH_TRUSTED_ROOT\" \"$TARGET_BUILD_DIR/$UNLOCALIZED_RESOURCES_FOLDER_PATH/HelixTrustedRoot.json\"\n"; showEnvVarsInLog = 0; };
		87BA16C96B8475BACED40EFF = { alwaysOutOfDate = 1; buildActionMask = 2147483647; files = (); inputPaths = (); isa = PBXShellScriptBuildPhase; name = "Helix Bridge (Generated)"; outputPaths = ("$(HELIX_BRIDGE_OBJECT)", ); runOnlyForDeploymentPostprocessing = 0; shellPath = /bin/sh; shellScript = "exec /bin/sh \"${HELIX_INTEGRATION_ROOT:?}/Profiles/${HELIX_PROFILE_ID:?}/bridge.sh\""; showEnvVarsInLog = 0; };
		A7B0401F01398B961F09F34 = { alwaysOutOfDate = 1; buildActionMask = 2147483647; files = (); inputPaths = (); isa = PBXShellScriptBuildPhase; name = "Helix Prepare (Generated)"; outputPaths = (); runOnlyForDeploymentPostprocessing = 0; shellPath = /bin/sh; shellScript = "exec /bin/sh \"${HELIX_INTEGRATION_ROOT:?}/Profiles/${HELIX_PROFILE_ID:?}/prepare.sh\""; showEnvVarsInLog = 0; };
		BA86DB73A54E70F639557FFD = { alwaysOutOfDate = 1; buildActionMask = 2147483647; files = (); inputPaths = (); isa = PBXShellScriptBuildPhase; name = "Helix Bridge (Generated)"; outputPaths = ("$(HELIX_BRIDGE_OBJECT)", ); runOnlyForDeploymentPostprocessing = 0; shellPath = /bin/sh; shellScript = "exec /bin/sh \"${HELIX_INTEGRATION_ROOT:?}/Profiles/${HELIX_PROFILE_ID:?}/bridge.sh\""; showEnvVarsInLog = 0; };
/* End PBXShellScriptBuildPhase section */
	};
	rootObject = 000000000000000000000001 /* Project object */;
}
