// !$*UTF8*$!
{
	archiveVersion = 1;
	classes = {
	};
	objectVersion = 60;
	objects = {

/* Begin PBXBuildFile section */
		400000000000000000000001 /* HotPatchFeature.Pricing.swift in Sources */ = {isa = PBXBuildFile; fileRef = 100000000000000000000001 /* HotPatchFeature.Pricing.swift */; };
		400000000000000000000006 /* HotPatchDemo.Application.swift in Sources */ = {isa = PBXBuildFile; fileRef = 100000000000000000000007 /* HotPatchDemo.Application.swift */; };
		400000000000000000000009 /* HotPatchFeature.framework in Frameworks */ = {isa = PBXBuildFile; fileRef = 100000000000000000000020 /* HotPatchFeature.framework */; };
		40000000000000000000000B /* HelixAppIntegration in Frameworks */ = {isa = PBXBuildFile; productRef = 710000000000000000000001 /* HelixAppIntegration */; };
		40000000000000000000000C /* HotPatchFeature.framework in Embed Frameworks */ = {isa = PBXBuildFile; fileRef = 100000000000000000000020 /* HotPatchFeature.framework */; settings = {ATTRIBUTES = (CodeSignOnCopy, RemoveHeadersOnCopy, ); }; };
		40000000000000000000000E /* LiveReloadFeature.Screen.swift in Sources */ = {isa = PBXBuildFile; fileRef = 100000000000000000000008 /* LiveReloadFeature.Screen.swift */; };
		400000000000000000000013 /* LiveReloadDemo.Application.swift in Sources */ = {isa = PBXBuildFile; fileRef = 10000000000000000000000E /* LiveReloadDemo.Application.swift */; };
		400000000000000000000016 /* LiveReloadFeature.framework in Frameworks */ = {isa = PBXBuildFile; fileRef = 100000000000000000000023 /* LiveReloadFeature.framework */; };
		400000000000000000000018 /* HelixAppIntegration in Frameworks */ = {isa = PBXBuildFile; productRef = 710000000000000000000002 /* HelixAppIntegration */; };
		400000000000000000000019 /* LiveReloadFeature.framework in Embed Frameworks */ = {isa = PBXBuildFile; fileRef = 100000000000000000000023 /* LiveReloadFeature.framework */; settings = {ATTRIBUTES = (CodeSignOnCopy, RemoveHeadersOnCopy, ); }; };
		3EC7855C05D44D7D5914EC70 = { isa = PBXBuildFile; productRef = 710000000000000000000001; };
		F7448ACC0BB1D9DBC0C6E696 = { isa = PBXBuildFile; productRef = 710000000000000000000002; };
/* End PBXBuildFile section */

/* Begin PBXContainerItemProxy section */
		800000000000000000000002 /* Hot App -> Hot Feature */ = {isa = PBXContainerItemProxy; containerPortal = 000000000000000000000001 /* Project object */; proxyType = 1; remoteGlobalIDString = 200000000000000000000001; remoteInfo = HotPatchFeature; };
		800000000000000000000005 /* Live App -> Live Feature */ = {isa = PBXContainerItemProxy; containerPortal = 000000000000000000000001 /* Project object */; proxyType = 1; remoteGlobalIDString = 200000000000000000000004; remoteInfo = LiveReloadFeature; };
/* End PBXContainerItemProxy section */

/* Begin PBXCopyFilesBuildPhase section */
		300000000000000000000007 /* Embed Frameworks */ = {isa = PBXCopyFilesBuildPhase; buildActionMask = 2147483647; dstPath = ""; dstSubfolderSpec = 10; files = (40000000000000000000000C /* HotPatchFeature.framework in Embed Frameworks */, ); name = "Embed Frameworks"; runOnlyForDeploymentPostprocessing = 0; };
		30000000000000000000000F /* Embed Frameworks */ = {isa = PBXCopyFilesBuildPhase; buildActionMask = 2147483647; dstPath = ""; dstSubfolderSpec = 10; files = (400000000000000000000019 /* LiveReloadFeature.framework in Embed Frameworks */, ); name = "Embed Frameworks"; runOnlyForDeploymentPostprocessing = 0; };
/* End PBXCopyFilesBuildPhase section */

/* Begin PBXFileReference section */
		100000000000000000000001 /* HotPatchFeature.Pricing.swift */ = {isa = PBXFileReference; lastKnownFileType = sourcecode.swift; path = HotPatchFeature/Sources/HotPatchFeature.Pricing.swift; sourceTree = SOURCE_ROOT; };
		100000000000000000000007 /* HotPatchDemo.Application.swift */ = {isa = PBXFileReference; lastKnownFileType = sourcecode.swift; path = HotPatchDemo/HotPatchDemo.Application.swift; sourceTree = SOURCE_ROOT; };
		100000000000000000000008 /* LiveReloadFeature.Screen.swift */ = {isa = PBXFileReference; lastKnownFileType = sourcecode.swift; path = LiveReloadFeature/Sources/LiveReloadFeature.Screen.swift; sourceTree = SOURCE_ROOT; };
		10000000000000000000000E /* LiveReloadDemo.Application.swift */ = {isa = PBXFileReference; lastKnownFileType = sourcecode.swift; path = LiveReloadDemo/LiveReloadDemo.Application.swift; sourceTree = SOURCE_ROOT; };
		10000000000000000000001A /* LiveReloadDemo Info.plist */ = {isa = PBXFileReference; lastKnownFileType = text.plist.xml; path = LiveReloadDemo/Info.plist; sourceTree = SOURCE_ROOT; };
		10000000000000000000000F /* DemoBootstrap.sh */ = {isa = PBXFileReference; lastKnownFileType = text.script.sh; path = Scripts/DemoBootstrap.sh; sourceTree = SOURCE_ROOT; };
		100000000000000000000012 /* QuickPatchRecipe.json */ = {isa = PBXFileReference; lastKnownFileType = text.json; path = Configurations/Helix/QuickPatchRecipe.json; sourceTree = SOURCE_ROOT; };
		100000000000000000000020 /* HotPatchFeature.framework */ = {isa = PBXFileReference; explicitFileType = wrapper.framework; includeInIndex = 0; path = HotPatchFeature.framework; sourceTree = BUILT_PRODUCTS_DIR; };
		100000000000000000000022 /* HotPatchDemo.app */ = {isa = PBXFileReference; explicitFileType = wrapper.application; includeInIndex = 0; path = HotPatchDemo.app; sourceTree = BUILT_PRODUCTS_DIR; };
		100000000000000000000023 /* LiveReloadFeature.framework */ = {isa = PBXFileReference; explicitFileType = wrapper.framework; includeInIndex = 0; path = LiveReloadFeature.framework; sourceTree = BUILT_PRODUCTS_DIR; };
		100000000000000000000025 /* LiveReloadDemo.app */ = {isa = PBXFileReference; explicitFileType = wrapper.application; includeInIndex = 0; path = LiveReloadDemo.app; sourceTree = BUILT_PRODUCTS_DIR; };
		0430BE9A7C74B53C3E5DF762 = { isa = PBXFileReference; lastKnownFileType = text.xcconfig; path = .helix/xcode/ProjectConfigurations/live-Feature-Debug.xcconfig; sourceTree = SOURCE_ROOT; };
		470A9367D46E0B6653874C41 = { isa = PBXFileReference; lastKnownFileType = text.xcconfig; path = .helix/xcode/ProjectConfigurations/hot-Feature-Release.xcconfig; sourceTree = SOURCE_ROOT; };
		54D073472E092506035BEBA1 = { isa = PBXFileReference; lastKnownFileType = text.xcconfig; path = .helix/xcode/ProjectConfigurations/hot-Application-Release.xcconfig; sourceTree = SOURCE_ROOT; };
		B75141418F1FD602E229E826 = { isa = PBXFileReference; lastKnownFileType = text.xcconfig; path = .helix/xcode/ProjectConfigurations/live-Application-Debug.xcconfig; sourceTree = SOURCE_ROOT; };
/* End PBXFileReference section */

/* Begin PBXFrameworksBuildPhase section */
		300000000000000000000002 /* Frameworks */ = {isa = PBXFrameworksBuildPhase; buildActionMask = 2147483647; files = (); runOnlyForDeploymentPostprocessing = 0; };
		300000000000000000000006 = { buildActionMask = 2147483647; files = (400000000000000000000009, 3EC7855C05D44D7D5914EC70, ); isa = PBXFrameworksBuildPhase; runOnlyForDeploymentPostprocessing = 0; };
		30000000000000000000000A /* Frameworks */ = {isa = PBXFrameworksBuildPhase; buildActionMask = 2147483647; files = (); runOnlyForDeploymentPostprocessing = 0; };
		30000000000000000000000E = { buildActionMask = 2147483647; files = (400000000000000000000016, F7448ACC0BB1D9DBC0C6E696, ); isa = PBXFrameworksBuildPhase; runOnlyForDeploymentPostprocessing = 0; };
/* End PBXFrameworksBuildPhase section */

/* Begin PBXGroup section */
		000000000000000000000002 = {isa = PBXGroup; children = (000000000000000000000004 /* Hot Patch Feature */, 000000000000000000000006 /* Hot Patch App */, 000000000000000000000007 /* Live Reload Feature */, 000000000000000000000009 /* Live Reload App */, 00000000000000000000000A /* Configuration */, 00000000000000000000000B /* Scripts */, 000000000000000000000003 /* Products */, ); sourceTree = "<group>"; };
		000000000000000000000003 /* Products */ = {isa = PBXGroup; children = (100000000000000000000020 /* HotPatchFeature.framework */, 100000000000000000000022 /* HotPatchDemo.app */, 100000000000000000000023 /* LiveReloadFeature.framework */, 100000000000000000000025 /* LiveReloadDemo.app */, ); name = Products; sourceTree = "<group>"; };
		000000000000000000000004 /* Hot Patch Feature */ = {isa = PBXGroup; children = (100000000000000000000001 /* HotPatchFeature.Pricing.swift */, ); name = "Hot Patch Feature"; sourceTree = "<group>"; };
		000000000000000000000006 /* Hot Patch App */ = {isa = PBXGroup; children = (100000000000000000000007 /* HotPatchDemo.Application.swift */, ); name = "Hot Patch App"; sourceTree = "<group>"; };
		000000000000000000000007 /* Live Reload Feature */ = {isa = PBXGroup; children = (100000000000000000000008 /* LiveReloadFeature.Screen.swift */, ); name = "Live Reload Feature"; sourceTree = "<group>"; };
		000000000000000000000009 /* Live Reload App */ = {isa = PBXGroup; children = (10000000000000000000000E /* LiveReloadDemo.Application.swift */, 10000000000000000000001A /* LiveReloadDemo Info.plist */, ); name = "Live Reload App"; sourceTree = "<group>"; };
		00000000000000000000000A /* Configuration */ = {isa = PBXGroup; children = (100000000000000000000012 /* QuickPatchRecipe.json */, ); name = Configuration; sourceTree = "<group>"; };
		00000000000000000000000B /* Scripts */ = {isa = PBXGroup; children = (10000000000000000000000F /* DemoBootstrap.sh */, ); name = Scripts; sourceTree = "<group>"; };
/* End PBXGroup section */

/* Begin PBXNativeTarget section */
		200000000000000000000001 = { buildConfigurationList = 600000000000000000000002; buildPhases = (300000000000000000000001, 5B3EF567A243A79038138188, 300000000000000000000002, ); buildRules = (); dependencies = (); isa = PBXNativeTarget; name = HotPatchFeature; packageProductDependencies = (); productName = HotPatchFeature; productReference = 100000000000000000000020; productType = com.apple.product-type.framework; };
		200000000000000000000003 = { buildConfigurationList = 600000000000000000000004; buildPhases = (B320A23A8783AE609853509C, 73A6E1676B83114E979E1356, 300000000000000000000005, 300000000000000000000006, 300000000000000000000007, ); buildRules = (); dependencies = (810000000000000000000002, ); isa = PBXNativeTarget; name = HotPatchDemo; packageProductDependencies = (710000000000000000000001, ); productName = HotPatchDemo; productReference = 100000000000000000000022; productType = com.apple.product-type.application; };
		200000000000000000000004 = { buildConfigurationList = 600000000000000000000005; buildPhases = (300000000000000000000009, 54A77D2E6FD3881CB19A2A89, 30000000000000000000000A, ); buildRules = (); dependencies = (); isa = PBXNativeTarget; name = LiveReloadFeature; packageProductDependencies = (); productName = LiveReloadFeature; productReference = 100000000000000000000023; productType = com.apple.product-type.framework; };
		200000000000000000000006 = { buildConfigurationList = 600000000000000000000007; buildPhases = (BF02377E2A0DBA57A640599C, 30000000000000000000000D, B232A06A03173D1E43C08C6C, 4C62ED14A8F97D36D6567ADA, 30000000000000000000000E, 30000000000000000000000F, ); buildRules = (); dependencies = (810000000000000000000005, ); isa = PBXNativeTarget; name = LiveReloadDemo; packageProductDependencies = (710000000000000000000002, F2B7C2DBD1F7AE5303E0E685, ); productName = LiveReloadDemo; productReference = 100000000000000000000025; productType = com.apple.product-type.application; };
/* End PBXNativeTarget section */

/* Begin PBXProject section */
		000000000000000000000001 = { attributes = { BuildIndependentTargetsInParallel = 1; LastSwiftUpdateCheck = 2660; LastUpgradeCheck = 2660; TargetAttributes = { 200000000000000000000001 = { CreatedOnToolsVersion = 26.0; }; 200000000000000000000003 = { CreatedOnToolsVersion = 26.0; }; 200000000000000000000004 = { CreatedOnToolsVersion = 26.0; }; 200000000000000000000006 = { CreatedOnToolsVersion = 26.0; }; }; }; buildConfigurationList = 600000000000000000000001; compatibilityVersion = "Xcode 15.0"; developmentRegion = en; hasScannedForEncodings = 0; isa = PBXProject; knownRegions = (en, Base, ); mainGroup = 000000000000000000000002; packageReferences = (700000000000000000000001, ); productRefGroup = 000000000000000000000003; projectDirPath = ""; projectRoot = ""; targets = (200000000000000000000001, 200000000000000000000003, 200000000000000000000004, 200000000000000000000006, A46A0C8164B496BED182453B, ); };
/* End PBXProject section */

/* Begin PBXSourcesBuildPhase section */
		300000000000000000000001 /* Sources */ = {isa = PBXSourcesBuildPhase; buildActionMask = 2147483647; files = (400000000000000000000001 /* HotPatchFeature.Pricing.swift in Sources */, ); runOnlyForDeploymentPostprocessing = 0; };
		300000000000000000000005 /* Sources */ = {isa = PBXSourcesBuildPhase; buildActionMask = 2147483647; files = (400000000000000000000006 /* HotPatchDemo.Application.swift in Sources */, ); runOnlyForDeploymentPostprocessing = 0; };
		300000000000000000000009 /* Sources */ = {isa = PBXSourcesBuildPhase; buildActionMask = 2147483647; files = (40000000000000000000000E /* LiveReloadFeature.Screen.swift in Sources */, ); runOnlyForDeploymentPostprocessing = 0; };
		30000000000000000000000D /* Sources */ = {isa = PBXSourcesBuildPhase; buildActionMask = 2147483647; files = (400000000000000000000013 /* LiveReloadDemo.Application.swift in Sources */, ); runOnlyForDeploymentPostprocessing = 0; };
/* End PBXSourcesBuildPhase section */

/* Begin PBXTargetDependency section */
		810000000000000000000002 /* Hot App -> Hot Feature */ = {isa = PBXTargetDependency; target = 200000000000000000000001 /* HotPatchFeature */; targetProxy = 800000000000000000000002 /* Hot App -> Hot Feature */; };
		810000000000000000000005 /* Live App -> Live Feature */ = {isa = PBXTargetDependency; target = 200000000000000000000004 /* LiveReloadFeature */; targetProxy = 800000000000000000000005 /* Live App -> Live Feature */; };
/* End PBXTargetDependency section */

/* Begin XCBuildConfiguration section */
		500000000000000000000001 /* Debug */ = {isa = XCBuildConfiguration; buildSettings = {ALWAYS_SEARCH_USER_PATHS = NO; CLANG_ENABLE_MODULES = YES; DEBUG_INFORMATION_FORMAT = dwarf; ENABLE_TESTABILITY = YES; IPHONEOS_DEPLOYMENT_TARGET = 15.0; ONLY_ACTIVE_ARCH = YES; SDKROOT = iphoneos; SWIFT_ACTIVE_COMPILATION_CONDITIONS = DEBUG; SWIFT_OPTIMIZATION_LEVEL = "-Onone"; SWIFT_TREAT_WARNINGS_AS_ERRORS = YES; SWIFT_VERSION = 6.0; }; name = Debug; };
		500000000000000000000002 /* Release */ = {isa = XCBuildConfiguration; buildSettings = {ALWAYS_SEARCH_USER_PATHS = NO; CLANG_ENABLE_MODULES = YES; DEBUG_INFORMATION_FORMAT = "dwarf-with-dsym"; IPHONEOS_DEPLOYMENT_TARGET = 15.0; SDKROOT = iphoneos; SWIFT_COMPILATION_MODE = wholemodule; SWIFT_OPTIMIZATION_LEVEL = "-O"; SWIFT_TREAT_WARNINGS_AS_ERRORS = YES; SWIFT_VERSION = 6.0; }; name = Release; };
		500000000000000000000003 /* Debug */ = {isa = XCBuildConfiguration; buildSettings = {ARCHS = arm64; CODE_SIGNING_ALLOWED = NO; CURRENT_PROJECT_VERSION = 1; DEFINES_MODULE = YES; GENERATE_INFOPLIST_FILE = YES; MARKETING_VERSION = 1.0.0; PRODUCT_BUNDLE_IDENTIFIER = dev.helix.hot-patch-demo.feature; PRODUCT_NAME = "$(TARGET_NAME)"; SKIP_INSTALL = YES; SUPPORTED_PLATFORMS = "iphoneos iphonesimulator"; }; name = Debug; };
		500000000000000000000004 = { baseConfigurationReference = 470A9367D46E0B6653874C41; buildSettings = { ARCHS = arm64; CODE_SIGNING_ALLOWED = NO; CURRENT_PROJECT_VERSION = 1; DEFINES_MODULE = YES; GENERATE_INFOPLIST_FILE = YES; MARKETING_VERSION = 1.0.0; PRODUCT_BUNDLE_IDENTIFIER = dev.helix.hot-patch-demo.feature; PRODUCT_NAME = "$(TARGET_NAME)"; SKIP_INSTALL = YES; SUPPORTED_PLATFORMS = "iphoneos iphonesimulator"; }; isa = XCBuildConfiguration; name = Release; };
		500000000000000000000007 /* Debug */ = {isa = XCBuildConfiguration; buildSettings = {ALWAYS_EMBED_SWIFT_STANDARD_LIBRARIES = YES; ARCHS = arm64; "CODE_SIGNING_ALLOWED[sdk=iphonesimulator*]" = NO; CODE_SIGN_STYLE = Automatic; CURRENT_PROJECT_VERSION = 1; DEAD_CODE_STRIPPING = NO; ENABLE_USER_SCRIPT_SANDBOXING = NO; GENERATE_INFOPLIST_FILE = YES; INFOPLIST_KEY_CFBundleDisplayName = "Helix Hot Patch"; INFOPLIST_KEY_UILaunchScreen_Generation = YES; LD_RUNPATH_SEARCH_PATHS = "$(inherited) @executable_path/Frameworks"; MARKETING_VERSION = 1.0.0; PRODUCT_BUNDLE_IDENTIFIER = dev.helix.hot-patch-demo; PRODUCT_MODULE_NAME = HotPatchDemo; PRODUCT_NAME = "$(TARGET_NAME)"; SUPPORTED_PLATFORMS = "iphoneos iphonesimulator"; TARGETED_DEVICE_FAMILY = 1; }; name = Debug; };
		500000000000000000000008 = { baseConfigurationReference = 54D073472E092506035BEBA1; buildSettings = { ALWAYS_EMBED_SWIFT_STANDARD_LIBRARIES = YES; ARCHS = arm64; "CODE_SIGNING_ALLOWED[sdk=iphonesimulator*]" = NO; CODE_SIGN_STYLE = Automatic; CURRENT_PROJECT_VERSION = 1; DEAD_CODE_STRIPPING = NO; ENABLE_USER_SCRIPT_SANDBOXING = NO; GENERATE_INFOPLIST_FILE = YES; INFOPLIST_KEY_CFBundleDisplayName = "Helix Hot Patch"; INFOPLIST_KEY_UILaunchScreen_Generation = YES; LD_RUNPATH_SEARCH_PATHS = "$(inherited) @executable_path/Frameworks"; MARKETING_VERSION = 1.0.0; PRODUCT_BUNDLE_IDENTIFIER = dev.helix.hot-patch-demo; PRODUCT_MODULE_NAME = HotPatchDemo; PRODUCT_NAME = "$(TARGET_NAME)"; SUPPORTED_PLATFORMS = "iphoneos iphonesimulator"; TARGETED_DEVICE_FAMILY = 1; }; isa = XCBuildConfiguration; name = Release; };
		500000000000000000000009 = { baseConfigurationReference = 0430BE9A7C74B53C3E5DF762; buildSettings = { ARCHS = arm64; CODE_SIGNING_ALLOWED = NO; CURRENT_PROJECT_VERSION = 1; DEFINES_MODULE = YES; GENERATE_INFOPLIST_FILE = YES; MARKETING_VERSION = 1.0.0; PRODUCT_BUNDLE_IDENTIFIER = dev.helix.live-reload-demo.feature; PRODUCT_NAME = "$(TARGET_NAME)"; SKIP_INSTALL = YES; SUPPORTED_PLATFORMS = "iphoneos iphonesimulator"; }; isa = XCBuildConfiguration; name = Debug; };
		50000000000000000000000A /* Release */ = {isa = XCBuildConfiguration; buildSettings = {ARCHS = arm64; CODE_SIGNING_ALLOWED = NO; CURRENT_PROJECT_VERSION = 1; DEFINES_MODULE = YES; GENERATE_INFOPLIST_FILE = YES; MARKETING_VERSION = 1.0.0; PRODUCT_BUNDLE_IDENTIFIER = dev.helix.live-reload-demo.feature; PRODUCT_NAME = "$(TARGET_NAME)"; SKIP_INSTALL = YES; SUPPORTED_PLATFORMS = "iphoneos iphonesimulator"; }; name = Release; };
		50000000000000000000000D = { baseConfigurationReference = B75141418F1FD602E229E826; buildSettings = { ALWAYS_EMBED_SWIFT_STANDARD_LIBRARIES = YES; ARCHS = arm64; "CODE_SIGNING_ALLOWED[sdk=iphonesimulator*]" = NO; CODE_SIGN_STYLE = Automatic; CURRENT_PROJECT_VERSION = 1; GENERATE_INFOPLIST_FILE = YES; INFOPLIST_FILE = LiveReloadDemo/Info.plist; INFOPLIST_KEY_CFBundleDisplayName = "Helix Live Reload"; INFOPLIST_KEY_UILaunchScreen_Generation = YES; LD_RUNPATH_SEARCH_PATHS = "$(inherited) @executable_path/Frameworks"; MARKETING_VERSION = 1.0.0; PRODUCT_BUNDLE_IDENTIFIER = dev.helix.live-reload-demo; PRODUCT_MODULE_NAME = LiveReloadDemo; PRODUCT_NAME = "$(TARGET_NAME)"; SUPPORTED_PLATFORMS = "iphoneos iphonesimulator"; TARGETED_DEVICE_FAMILY = 1; }; isa = XCBuildConfiguration; name = Debug; };
		50000000000000000000000E /* Release */ = {isa = XCBuildConfiguration; buildSettings = {ALWAYS_EMBED_SWIFT_STANDARD_LIBRARIES = YES; ARCHS = arm64; "CODE_SIGNING_ALLOWED[sdk=iphonesimulator*]" = NO; CODE_SIGN_STYLE = Automatic; CURRENT_PROJECT_VERSION = 1; GENERATE_INFOPLIST_FILE = YES; INFOPLIST_FILE = LiveReloadDemo/Info.plist; INFOPLIST_KEY_CFBundleDisplayName = "Helix Live Reload"; INFOPLIST_KEY_UILaunchScreen_Generation = YES; LD_RUNPATH_SEARCH_PATHS = "$(inherited) @executable_path/Frameworks"; MARKETING_VERSION = 1.0.0; PRODUCT_BUNDLE_IDENTIFIER = dev.helix.live-reload-demo; PRODUCT_MODULE_NAME = LiveReloadDemo; PRODUCT_NAME = "$(TARGET_NAME)"; SUPPORTED_PLATFORMS = "iphoneos iphonesimulator"; TARGETED_DEVICE_FAMILY = 1; }; name = Release; };
		0513D2C9F44F504A970FC3A6 = { buildSettings = { ARCHS = arm64; ONLY_ACTIVE_ARCH = YES; SDKROOT = iphoneos; SUPPORTED_PLATFORMS = "iphoneos iphonesimulator"; SWIFT_EXEC = "$(TOOLCHAIN_DIR)/usr/bin/swiftc"; }; isa = XCBuildConfiguration; name = Debug; };
		1531DAF3BA4EC52A050D24AE = { buildSettings = { ARCHS = arm64; ONLY_ACTIVE_ARCH = YES; SDKROOT = iphoneos; SUPPORTED_PLATFORMS = "iphoneos iphonesimulator"; SWIFT_EXEC = "$(TOOLCHAIN_DIR)/usr/bin/swiftc"; }; isa = XCBuildConfiguration; name = Release; };
/* End XCBuildConfiguration section */

/* Begin XCConfigurationList section */
		600000000000000000000001 = {isa = XCConfigurationList; buildConfigurations = (500000000000000000000001 /* Debug */, 500000000000000000000002 /* Release */, ); defaultConfigurationIsVisible = 0; defaultConfigurationName = Debug; };
		600000000000000000000002 = {isa = XCConfigurationList; buildConfigurations = (500000000000000000000003 /* Debug */, 500000000000000000000004 /* Release */, ); defaultConfigurationIsVisible = 0; defaultConfigurationName = Release; };
		600000000000000000000004 = {isa = XCConfigurationList; buildConfigurations = (500000000000000000000007 /* Debug */, 500000000000000000000008 /* Release */, ); defaultConfigurationIsVisible = 0; defaultConfigurationName = Release; };
		600000000000000000000005 = {isa = XCConfigurationList; buildConfigurations = (500000000000000000000009 /* Debug */, 50000000000000000000000A /* Release */, ); defaultConfigurationIsVisible = 0; defaultConfigurationName = Debug; };
		600000000000000000000007 = {isa = XCConfigurationList; buildConfigurations = (50000000000000000000000D /* Debug */, 50000000000000000000000E /* Release */, ); defaultConfigurationIsVisible = 0; defaultConfigurationName = Debug; };
		52843C93660308DB33D42F15 = { buildConfigurations = (0513D2C9F44F504A970FC3A6, 1531DAF3BA4EC52A050D24AE, ); defaultConfigurationIsVisible = 0; defaultConfigurationName = Release; isa = XCConfigurationList; };
/* End XCConfigurationList section */

/* Begin XCLocalSwiftPackageReference section */
		700000000000000000000001 /* XCLocalSwiftPackageReference ".." */ = {isa = XCLocalSwiftPackageReference; relativePath = ..; };
/* End XCLocalSwiftPackageReference section */

/* Begin XCSwiftPackageProductDependency section */
		710000000000000000000001 = { isa = XCSwiftPackageProductDependency; package = 700000000000000000000001; productName = HelixAppIntegration; };
		710000000000000000000002 = { isa = XCSwiftPackageProductDependency; package = 700000000000000000000001; productName = HelixAppIntegration; };
		F2B7C2DBD1F7AE5303E0E685 = { isa = XCSwiftPackageProductDependency; package = 700000000000000000000001; productName = HelixDevSupport; };
/* End XCSwiftPackageProductDependency section */

/* Begin PBXAggregateTarget section */
		A46A0C8164B496BED182453B = { buildConfigurationList = 52843C93660308DB33D42F15; buildPhases = (); buildRules = (); dependencies = (); isa = PBXAggregateTarget; name = HelixPatchAction; productName = HelixPatchAction; };
/* End PBXAggregateTarget section */

/* Begin PBXShellScriptBuildPhase section */
		4C62ED14A8F97D36D6567ADA = { alwaysOutOfDate = 1; buildActionMask = 2147483647; files = (); inputPaths = ("$(BUILT_PRODUCTS_DIR)/PackageFrameworks/HelixDevSupport.framework", ); isa = PBXShellScriptBuildPhase; name = "Embed Helix Development Support (Generated)"; outputPaths = ("$(TARGET_BUILD_DIR)/$(FRAMEWORKS_FOLDER_PATH)/HelixDevSupport.framework", ); runOnlyForDeploymentPostprocessing = 0; shellPath = /bin/sh; shellScript = "# Generated by Helix Hub. Do not edit.\nset -eu\nif [ \"${CONFIGURATION:-}\" != 'Debug' ]; then\n    exit 0\nfi\nsource_framework=\"${BUILT_PRODUCTS_DIR:?}/PackageFrameworks/HelixDevSupport.framework\"\ndestination_framework=\"${TARGET_BUILD_DIR:?}/${FRAMEWORKS_FOLDER_PATH:?}/HelixDevSupport.framework\"\nif [ ! -d \"$source_framework\" ]; then\n    echo \"error: Helix Debug support framework was not built\" >&2\n    exit 1\nfi\n/bin/mkdir -p \"${TARGET_BUILD_DIR:?}/${FRAMEWORKS_FOLDER_PATH:?}\"\ncase \"$destination_framework\" in\n    \"${TARGET_BUILD_DIR:?}/\"*) ;;\n    *) echo \"error: invalid Helix Debug support destination\" >&2; exit 1 ;;\nesac\n/usr/bin/rsync -a --delete \"$source_framework/\" \"$destination_framework/\"\nif [ \"${CODE_SIGNING_ALLOWED:-YES}\" != NO ] && [ -n \"${EXPANDED_CODE_SIGN_IDENTITY:-}\" ]; then\n    /usr/bin/codesign --force --sign \"$EXPANDED_CODE_SIGN_IDENTITY\"         --preserve-metadata=identifier,entitlements,flags \"$destination_framework\"\nfi"; showEnvVarsInLog = 0; };
		54A77D2E6FD3881CB19A2A89 = { alwaysOutOfDate = 1; buildActionMask = 2147483647; files = (); inputPaths = (); isa = PBXShellScriptBuildPhase; name = "Helix Prepare (Generated)"; outputPaths = (); runOnlyForDeploymentPostprocessing = 0; shellPath = /bin/sh; shellScript = "# Generated by Helix Hub. Do not edit.\nexec /bin/sh \"${SRCROOT:?}/.helix/xcode/Profiles/live/prepare.sh\""; showEnvVarsInLog = 0; };
		5B3EF567A243A79038138188 = { alwaysOutOfDate = 1; buildActionMask = 2147483647; files = (); inputPaths = (); isa = PBXShellScriptBuildPhase; name = "Helix Prepare (Generated)"; outputPaths = (); runOnlyForDeploymentPostprocessing = 0; shellPath = /bin/sh; shellScript = "# Generated by Helix Hub. Do not edit.\nexec /bin/sh \"${SRCROOT:?}/.helix/xcode/Profiles/hot/prepare.sh\""; showEnvVarsInLog = 0; };
		73A6E1676B83114E979E1356 = { alwaysOutOfDate = 1; buildActionMask = 2147483647; files = (); inputPaths = (); isa = PBXShellScriptBuildPhase; name = "Embed Helix Runtime Resources (Generated)"; outputPaths = (); runOnlyForDeploymentPostprocessing = 0; shellPath = /bin/sh; shellScript = "# Generated by Helix Hub. Do not edit.\nset -eu\nif [ -z \"${HELIX_PATCH_TRUSTED_ROOT:-}\" ] || [ -z \"${HELIX_PATCH_RECIPE:-}\" ]; then\n    exit 0\nfi\n/bin/mkdir -p \"$TARGET_BUILD_DIR/$UNLOCALIZED_RESOURCES_FOLDER_PATH\"\n/usr/bin/install -m 0444 \"$HELIX_PATCH_TRUSTED_ROOT\" \"$TARGET_BUILD_DIR/$UNLOCALIZED_RESOURCES_FOLDER_PATH/HelixTrustedRoot.json\"\n/usr/bin/install -m 0444 \"$HELIX_PATCH_RECIPE\" \"$TARGET_BUILD_DIR/$UNLOCALIZED_RESOURCES_FOLDER_PATH/HelixPatchPolicy.json\"\n"; showEnvVarsInLog = 0; };
		B232A06A03173D1E43C08C6C = { alwaysOutOfDate = 1; buildActionMask = 2147483647; files = (); inputPaths = ("$(TARGET_BUILD_DIR)/$(INFOPLIST_PATH)", ); isa = PBXShellScriptBuildPhase; name = "Configure Helix Development Info.plist (Generated)"; outputPaths = (); runOnlyForDeploymentPostprocessing = 0; shellPath = /bin/sh; shellScript = "# Generated by Helix Hub. Do not edit.\nset -eu\nif [ \"${CONFIGURATION:-}\" != 'Debug' ]; then\n    exit 0\nfi\n\ninfo_plist=\"${TARGET_BUILD_DIR:?}/${INFOPLIST_PATH:?}\"\nbuild_root=$(CDPATH= cd -- \"${TARGET_BUILD_DIR:?}\" && pwd -P)\ninfo_directory=$(CDPATH= cd -- \"$(/usr/bin/dirname \"$info_plist\")\" && pwd -P)\ninfo_plist=\"$info_directory/$(/usr/bin/basename \"$info_plist\")\"\ncase \"$info_plist\" in\n    \"$build_root\"/*) ;;\n    *) echo \"error: Helix resolved an Info.plist outside the target build directory\" >&2; exit 1 ;;\nesac\nif [ ! -f \"$info_plist\" ] || [ -L \"$info_plist\" ]; then\n    echo \"error: Helix requires the processed App Info.plist before development setup\" >&2\n    exit 1\nfi\n\nservice_type=$(/usr/bin/plutil -type NSBonjourServices \"$info_plist\" 2>/dev/null || true)\ncase \"$service_type\" in\n    '')\n        /usr/bin/plutil -insert NSBonjourServices -json '[\"_helix._tcp\"]' \"$info_plist\"\n        ;;\n    array)\n        service_count=$(/usr/bin/plutil -extract NSBonjourServices raw -o - \"$info_plist\")\n        case \"$service_count\" in\n            ''|*[!0-9]*) echo \"error: malformed NSBonjourServices in processed Info.plist\" >&2; exit 1 ;;\n        esac\n        service_index=0\n        service_found=0\n        while [ \"$service_index\" -lt \"$service_count\" ]; do\n            current_service=$(/usr/bin/plutil -extract \"NSBonjourServices.$service_index\" raw -o - \"$info_plist\")\n            if [ \"$current_service\" = '_helix._tcp' ]; then\n                service_found=1\n            fi\n            service_index=$((service_index + 1))\n        done\n        if [ \"$service_found\" -eq 0 ]; then\n            /usr/bin/plutil -insert NSBonjourServices -string '_helix._tcp' -append \"$info_plist\"\n        fi\n        ;;\n    *)\n        echo \"error: NSBonjourServices must be an array in the processed Info.plist\" >&2\n        exit 1\n        ;;\nesac\n\ndescription_type=$(/usr/bin/plutil -type NSLocalNetworkUsageDescription \"$info_plist\" 2>/dev/null || true)\ncase \"$description_type\" in\n    '')\n        /usr/bin/plutil -insert NSLocalNetworkUsageDescription -string 'Helix connects this development build to the Mac on your local network.' \"$info_plist\"\n        ;;\n    string)\n        current_description=$(/usr/bin/plutil -extract NSLocalNetworkUsageDescription raw -o - \"$info_plist\")\n        if [ -z \"$current_description\" ]; then\n            /usr/bin/plutil -replace NSLocalNetworkUsageDescription -string 'Helix connects this development build to the Mac on your local network.' \"$info_plist\"\n        fi\n        ;;\n    *)\n        echo \"error: NSLocalNetworkUsageDescription must be a string in the processed Info.plist\" >&2\n        exit 1\n        ;;\nesac"; showEnvVarsInLog = 0; };
		B320A23A8783AE609853509C = { alwaysOutOfDate = 1; buildActionMask = 2147483647; files = (); inputPaths = (); isa = PBXShellScriptBuildPhase; name = "Helix Bridge (Generated)"; outputPaths = ("$(BUILT_PRODUCTS_DIR)/HelixGenerated/hot/Bridge/HelixBridge.o", "$(BUILT_PRODUCTS_DIR)/HelixGenerated/hot/Bridge/HelixBootstrap.o", ); runOnlyForDeploymentPostprocessing = 0; shellPath = /bin/sh; shellScript = "# Generated by Helix Hub. Do not edit.\nexec /bin/sh \"${SRCROOT:?}/.helix/xcode/Profiles/hot/bridge.sh\""; showEnvVarsInLog = 0; };
		BF02377E2A0DBA57A640599C = { alwaysOutOfDate = 1; buildActionMask = 2147483647; files = (); inputPaths = (); isa = PBXShellScriptBuildPhase; name = "Helix Bridge (Generated)"; outputPaths = ("$(BUILT_PRODUCTS_DIR)/HelixGenerated/live/Bridge/HelixBridge.o", "$(BUILT_PRODUCTS_DIR)/HelixGenerated/live/Bridge/HelixBootstrap.o", ); runOnlyForDeploymentPostprocessing = 0; shellPath = /bin/sh; shellScript = "# Generated by Helix Hub. Do not edit.\nexec /bin/sh \"${SRCROOT:?}/.helix/xcode/Profiles/live/bridge.sh\""; showEnvVarsInLog = 0; };
/* End PBXShellScriptBuildPhase section */
	};
	rootObject = 000000000000000000000001 /* Project object */;
}
