// !$*UTF8*$!
{
	archiveVersion = 1;
	classes = {
	};
	objectVersion = 60;
	objects = {

/* Begin PBXBuildFile section */
		400000000000000000000001 /* LiveReloadE2E.Feature.swift in Sources */ = {isa = PBXBuildFile; fileRef = 100000000000000000000001 /* LiveReloadE2E.Feature.swift */; };
		400000000000000000000002 /* LiveReloadE2E.Support.swift in Sources */ = {isa = PBXBuildFile; fileRef = 100000000000000000000002 /* LiveReloadE2E.Support.swift */; };
		400000000000000000000004 /* LiveReloadE2EHost.Application.swift in Sources */ = {isa = PBXBuildFile; fileRef = 100000000000000000000004 /* LiveReloadE2EHost.Application.swift */; };
		400000000000000000000005 /* LiveReloadE2E.framework in Frameworks */ = {isa = PBXBuildFile; fileRef = 100000000000000000000006 /* LiveReloadE2E.framework */; };
		400000000000000000000007 /* LiveReloadE2E.framework in Embed Frameworks */ = {isa = PBXBuildFile; fileRef = 100000000000000000000006 /* LiveReloadE2E.framework */; settings = {ATTRIBUTES = (CodeSignOnCopy, RemoveHeadersOnCopy, ); }; };
		40000000000000000000000A /* HelixAppIntegration in Frameworks */ = {isa = PBXBuildFile; productRef = 710000000000000000000001 /* HelixAppIntegration */; };
		40000000000000000000000B /* ReleaseRuntimeHost.Application.swift in Sources */ = {isa = PBXBuildFile; fileRef = 100000000000000000000009 /* ReleaseRuntimeHost.Application.swift */; };
		40000000000000000000000C /* HelixAppIntegration in Frameworks */ = {isa = PBXBuildFile; productRef = 710000000000000000000002 /* HelixAppIntegration */; };
		40000000000000000000000D /* DevRuntimeIOSTests.UIKit.swift in Sources */ = {isa = PBXBuildFile; fileRef = 10000000000000000000000B /* DevRuntimeIOSTests.UIKit.swift */; };
		40000000000000000000000E /* HelixAppIntegration in Frameworks */ = {isa = PBXBuildFile; productRef = 710000000000000000000001 /* HelixAppIntegration */; };
		40000000000000000000000F /* HelixDevRuntime in Frameworks */ = {isa = PBXBuildFile; productRef = 710000000000000000000003 /* HelixDevRuntime */; };
		3E2AA715D510D586A999DD7A = { fileRef = EC32AB1AF8C0463FB895017F; isa = PBXBuildFile; };
/* End PBXBuildFile section */

/* Begin PBXContainerItemProxy section */
		800000000000000000000001 /* PBXContainerItemProxy */ = {
			isa = PBXContainerItemProxy;
			containerPortal = 000000000000000000000001 /* Project object */;
			proxyType = 1;
			remoteGlobalIDString = 200000000000000000000001;
			remoteInfo = LiveReloadE2E;
		};
/* End PBXContainerItemProxy section */

/* Begin PBXCopyFilesBuildPhase section */
		300000000000000000000007 /* Embed Frameworks */ = {
			isa = PBXCopyFilesBuildPhase;
			buildActionMask = 2147483647;
			dstPath = "";
			dstSubfolderSpec = 10;
			files = (
			);
			name = "Embed Frameworks";
			runOnlyForDeploymentPostprocessing = 0;
		};
/* End PBXCopyFilesBuildPhase section */

/* Begin PBXFileReference section */
		100000000000000000000001 /* LiveReloadE2E.Feature.swift */ = {isa = PBXFileReference; lastKnownFileType = sourcecode.swift; path = Sources/LiveReloadE2E.Feature.swift; sourceTree = SOURCE_ROOT; };
		100000000000000000000002 /* LiveReloadE2E.Support.swift */ = {isa = PBXFileReference; lastKnownFileType = sourcecode.swift; path = Sources/LiveReloadE2E.Support.swift; sourceTree = SOURCE_ROOT; };
		100000000000000000000004 /* LiveReloadE2EHost.Application.swift */ = {isa = PBXFileReference; lastKnownFileType = sourcecode.swift; path = Host/LiveReloadE2EHost.Application.swift; sourceTree = SOURCE_ROOT; };
		100000000000000000000005 /* Info.plist */ = {isa = PBXFileReference; lastKnownFileType = text.plist.xml; path = Host/Info.plist; sourceTree = SOURCE_ROOT; };
		100000000000000000000006 /* LiveReloadE2E.framework */ = {isa = PBXFileReference; explicitFileType = wrapper.framework; includeInIndex = 0; path = LiveReloadE2E.framework; sourceTree = BUILT_PRODUCTS_DIR; };
		100000000000000000000008 /* LiveReloadE2EHost.app */ = {isa = PBXFileReference; explicitFileType = wrapper.application; includeInIndex = 0; path = LiveReloadE2EHost.app; sourceTree = BUILT_PRODUCTS_DIR; };
		100000000000000000000009 /* ReleaseRuntimeHost.Application.swift */ = {isa = PBXFileReference; lastKnownFileType = sourcecode.swift; path = Host/ReleaseRuntimeHost.Application.swift; sourceTree = SOURCE_ROOT; };
		10000000000000000000000A /* ReleaseRuntimeHost.app */ = {isa = PBXFileReference; explicitFileType = wrapper.application; includeInIndex = 0; path = ReleaseRuntimeHost.app; sourceTree = BUILT_PRODUCTS_DIR; };
		10000000000000000000000B /* DevRuntimeIOSTests.UIKit.swift */ = {isa = PBXFileReference; lastKnownFileType = sourcecode.swift; path = ../../HelixDevRuntimeIOSTests/DevRuntimeIOSTests.UIKit.swift; sourceTree = SOURCE_ROOT; };
		10000000000000000000000C /* LiveReloadUIKitTests.xctest */ = {isa = PBXFileReference; explicitFileType = wrapper.cfbundle; includeInIndex = 0; path = LiveReloadUIKitTests.xctest; sourceTree = BUILT_PRODUCTS_DIR; };
		10000000000000000000000D /* Live Feature.xcconfig */ = {isa = PBXFileReference; lastKnownFileType = text.xcconfig; path = .helix/xcode/Profiles/live/Feature.xcconfig; sourceTree = SOURCE_ROOT; };
		10000000000000000000000E /* Live Application.xcconfig */ = {isa = PBXFileReference; lastKnownFileType = text.xcconfig; path = .helix/xcode/Profiles/live/Application.xcconfig; sourceTree = SOURCE_ROOT; };
		395BAFA23B49263A638BB341 = { isa = PBXFileReference; lastKnownFileType = text.xcconfig; path = .helix/xcode/ProjectConfigurations/live-Target-Debug.xcconfig; sourceTree = SOURCE_ROOT; };
		EC32AB1AF8C0463FB895017F = { isa = PBXFileReference; lastKnownFileType = sourcecode.swift; path = .helix/xcode/Compiler/Targets/HelixBuildTrigger_d1b43e0d1004a321d3b6a552.swift; sourceTree = SOURCE_ROOT; };
/* End PBXFileReference section */

/* Begin PBXFrameworksBuildPhase section */
		300000000000000000000002 /* Frameworks */ = {
			isa = PBXFrameworksBuildPhase;
			buildActionMask = 2147483647;
			files = (
			);
			runOnlyForDeploymentPostprocessing = 0;
		};
		300000000000000000000006 = { buildActionMask = 2147483647; files = (40000000000000000000000A, ); isa = PBXFrameworksBuildPhase; runOnlyForDeploymentPostprocessing = 0; };
		300000000000000000000008 /* Frameworks */ = {
			isa = PBXFrameworksBuildPhase;
			buildActionMask = 2147483647;
			files = (
				40000000000000000000000C /* HelixAppIntegration in Frameworks */,
			);
			runOnlyForDeploymentPostprocessing = 0;
		};
		30000000000000000000000A /* Frameworks */ = {
			isa = PBXFrameworksBuildPhase;
			buildActionMask = 2147483647;
			files = (
				40000000000000000000000F /* HelixDevRuntime in Frameworks */,
			);
			runOnlyForDeploymentPostprocessing = 0;
		};
/* End PBXFrameworksBuildPhase section */

/* Begin PBXGroup section */
		000000000000000000000002 = {
			isa = PBXGroup;
			children = (
				000000000000000000000004 /* Feature */,
				000000000000000000000006 /* Host */,
				000000000000000000000007 /* Release Audit */,
				000000000000000000000008 /* Runtime iOS Tests */,
				000000000000000000000003 /* Products */,
			);
			sourceTree = "<group>";
		};
		000000000000000000000003 /* Products */ = {
			isa = PBXGroup;
			children = (
				100000000000000000000006 /* LiveReloadE2E.framework */,
				100000000000000000000008 /* LiveReloadE2EHost.app */,
				10000000000000000000000A /* ReleaseRuntimeHost.app */,
				10000000000000000000000C /* LiveReloadUIKitTests.xctest */,
			);
			name = Products;
			sourceTree = "<group>";
		};
		000000000000000000000004 /* Feature */ = {
			isa = PBXGroup;
			children = (
				100000000000000000000001 /* LiveReloadE2E.Feature.swift */,
				100000000000000000000002 /* LiveReloadE2E.Support.swift */,
			);
			name = Feature;
			sourceTree = "<group>";
		};
		000000000000000000000006 /* Host */ = {
			isa = PBXGroup;
			children = (
				100000000000000000000004 /* LiveReloadE2EHost.Application.swift */,
				100000000000000000000005 /* Info.plist */,
			);
			name = Host;
			sourceTree = "<group>";
		};
		000000000000000000000007 /* Release Audit */ = {
			isa = PBXGroup;
			children = (
				100000000000000000000009 /* ReleaseRuntimeHost.Application.swift */,
			);
			name = "Release Audit";
			sourceTree = "<group>";
		};
		000000000000000000000008 /* Runtime iOS Tests */ = {
			isa = PBXGroup;
			children = (
				10000000000000000000000B /* DevRuntimeIOSTests.UIKit.swift */,
			);
			name = "Runtime iOS Tests";
			sourceTree = "<group>";
		};
/* End PBXGroup section */

/* Begin PBXNativeTarget section */
		200000000000000000000001 = { buildConfigurationList = 600000000000000000000002; buildPhases = (300000000000000000000001, 5748D160830FE75172F55B9E, 300000000000000000000002, ); buildRules = (); dependencies = (); isa = PBXNativeTarget; name = LiveReloadE2E; packageProductDependencies = (); productName = LiveReloadE2E; productReference = 100000000000000000000006; productType = com.apple.product-type.framework; };
		200000000000000000000003 = { buildConfigurationList = 600000000000000000000004; buildPhases = (2F6BCED05D520342733663AB, 300000000000000000000005, 300000000000000000000006, 300000000000000000000007, FC17224651506E983082E046, B4DB999E861D51E9CBC69CDB, ); buildRules = (); dependencies = (); isa = PBXNativeTarget; name = LiveReloadE2EHost; packageProductDependencies = (710000000000000000000001, 1B80FC2F8C2C376290B7C42D, ); productName = LiveReloadE2EHost; productReference = 100000000000000000000008; productType = com.apple.product-type.application; };
		200000000000000000000004 = { buildConfigurationList = 600000000000000000000005; buildPhases = (300000000000000000000009, 300000000000000000000008, ); buildRules = (); dependencies = (); isa = PBXNativeTarget; name = ReleaseRuntimeHost; packageProductDependencies = (710000000000000000000002, ); productName = ReleaseRuntimeHost; productReference = 10000000000000000000000A; productType = com.apple.product-type.application; };
		200000000000000000000005 = { buildConfigurationList = 600000000000000000000006; buildPhases = (30000000000000000000000B, 30000000000000000000000A, ); buildRules = (); dependencies = (); isa = PBXNativeTarget; name = LiveReloadUIKitTests; packageProductDependencies = (710000000000000000000003, ); productName = LiveReloadUIKitTests; productReference = 10000000000000000000000C; productType = com.apple.product-type.bundle.unit-test; };
/* End PBXNativeTarget section */

/* Begin PBXProject section */
		000000000000000000000001 /* Project object */ = {
			isa = PBXProject;
			attributes = {
				BuildIndependentTargetsInParallel = 1;
				LastSwiftUpdateCheck = 2660;
				LastUpgradeCheck = 2660;
				TargetAttributes = {
					200000000000000000000001 = {CreatedOnToolsVersion = 26.6; };
					200000000000000000000003 = {CreatedOnToolsVersion = 26.6; };
					200000000000000000000004 = {CreatedOnToolsVersion = 26.6; };
					200000000000000000000005 = {CreatedOnToolsVersion = 26.6; };
				};
			};
			buildConfigurationList = 600000000000000000000001 /* Build configuration list for PBXProject "LiveReloadE2EHost" */;
			compatibilityVersion = "Xcode 15.0";
			developmentRegion = en;
			hasScannedForEncodings = 0;
			knownRegions = (
				en,
				Base,
			);
			mainGroup = 000000000000000000000002;
			packageReferences = (
				700000000000000000000001 /* XCLocalSwiftPackageReference "../../.." */,
			);
			productRefGroup = 000000000000000000000003 /* Products */;
			projectDirPath = "";
			projectRoot = "";
			targets = (
				200000000000000000000001 /* LiveReloadE2E */,
				200000000000000000000003 /* LiveReloadE2EHost */,
				200000000000000000000004 /* ReleaseRuntimeHost */,
				200000000000000000000005 /* LiveReloadUIKitTests */,
			);
		};
/* End PBXProject section */

/* Begin PBXShellScriptBuildPhase section */
		2F6BCED05D520342733663AB = { alwaysOutOfDate = 1; buildActionMask = 2147483647; files = (); inputPaths = (); isa = PBXShellScriptBuildPhase; name = "Helix Refresh (Generated)"; outputPaths = ("$(SRCROOT)/.helix/xcode/Compiler/Targets/HelixBuildTrigger_d1b43e0d1004a321d3b6a552.swift", ); runOnlyForDeploymentPostprocessing = 0; shellPath = /bin/sh; shellScript = "# Generated by Helix Hub. Do not edit.\nset -eu\nif [ \"${CONFIGURATION:-}\" != 'Debug' ]; then\n    exit 0\nfi\n/usr/bin/touch \"${SRCROOT:?}/.helix/xcode/Compiler/Targets/HelixBuildTrigger_d1b43e0d1004a321d3b6a552.swift\""; showEnvVarsInLog = 0; };
		B4DB999E861D51E9CBC69CDB = { alwaysOutOfDate = 1; buildActionMask = 2147483647; files = (); inputPaths = ("$(TARGET_BUILD_DIR)/$(INFOPLIST_PATH)", ); isa = PBXShellScriptBuildPhase; name = "Configure Helix Development Info.plist (Generated)"; outputPaths = (); runOnlyForDeploymentPostprocessing = 0; shellPath = /bin/sh; shellScript = "# Generated by Helix Hub. Do not edit.\nset -eu\nif [ \"${CONFIGURATION:-}\" != 'Debug' ]; then\n    exit 0\nfi\n\ninfo_plist=\"${TARGET_BUILD_DIR:?}/${INFOPLIST_PATH:?}\"\nbuild_root=$(CDPATH= cd -- \"${TARGET_BUILD_DIR:?}\" && pwd -P)\ninfo_directory=$(CDPATH= cd -- \"$(/usr/bin/dirname \"$info_plist\")\" && pwd -P)\ninfo_plist=\"$info_directory/$(/usr/bin/basename \"$info_plist\")\"\ncase \"$info_plist\" in\n    \"$build_root\"/*) ;;\n    *) echo \"error: Helix resolved an Info.plist outside the target build directory\" >&2; exit 1 ;;\nesac\nif [ ! -f \"$info_plist\" ] || [ -L \"$info_plist\" ]; then\n    echo \"error: Helix requires the processed App Info.plist before development setup\" >&2\n    exit 1\nfi\n\nservice_type=$(/usr/bin/plutil -type NSBonjourServices \"$info_plist\" 2>/dev/null || true)\ncase \"$service_type\" in\n    '')\n        /usr/bin/plutil -insert NSBonjourServices -json '[\"_helix._tcp\"]' \"$info_plist\"\n        ;;\n    array)\n        service_count=$(/usr/bin/plutil -extract NSBonjourServices raw -o - \"$info_plist\")\n        case \"$service_count\" in\n            ''|*[!0-9]*) echo \"error: malformed NSBonjourServices in processed Info.plist\" >&2; exit 1 ;;\n        esac\n        service_index=0\n        service_found=0\n        while [ \"$service_index\" -lt \"$service_count\" ]; do\n            current_service=$(/usr/bin/plutil -extract \"NSBonjourServices.$service_index\" raw -o - \"$info_plist\")\n            if [ \"$current_service\" = '_helix._tcp' ]; then\n                service_found=1\n            fi\n            service_index=$((service_index + 1))\n        done\n        if [ \"$service_found\" -eq 0 ]; then\n            /usr/bin/plutil -insert NSBonjourServices -string '_helix._tcp' -append \"$info_plist\"\n        fi\n        ;;\n    *)\n        echo \"error: NSBonjourServices must be an array in the processed Info.plist\" >&2\n        exit 1\n        ;;\nesac\n\ndescription_type=$(/usr/bin/plutil -type NSLocalNetworkUsageDescription \"$info_plist\" 2>/dev/null || true)\ncase \"$description_type\" in\n    '')\n        /usr/bin/plutil -insert NSLocalNetworkUsageDescription -string 'Helix connects this development build to the Mac on your local network.' \"$info_plist\"\n        ;;\n    string)\n        current_description=$(/usr/bin/plutil -extract NSLocalNetworkUsageDescription raw -o - \"$info_plist\")\n        if [ -z \"$current_description\" ]; then\n            /usr/bin/plutil -replace NSLocalNetworkUsageDescription -string 'Helix connects this development build to the Mac on your local network.' \"$info_plist\"\n        fi\n        ;;\n    *)\n        echo \"error: NSLocalNetworkUsageDescription must be a string in the processed Info.plist\" >&2\n        exit 1\n        ;;\nesac"; showEnvVarsInLog = 0; };
		FC17224651506E983082E046 = { alwaysOutOfDate = 1; buildActionMask = 2147483647; files = (); inputPaths = ("$(BUILT_PRODUCTS_DIR)/PackageFrameworks/HelixDevSupport.framework", ); isa = PBXShellScriptBuildPhase; name = "Embed Helix Development Support (Generated)"; outputPaths = ("$(TARGET_BUILD_DIR)/$(FRAMEWORKS_FOLDER_PATH)/HelixDevSupport.framework", ); runOnlyForDeploymentPostprocessing = 0; shellPath = /bin/sh; shellScript = "# Generated by Helix Hub. Do not edit.\nset -eu\nif [ \"${CONFIGURATION:-}\" != 'Debug' ]; then\n    exit 0\nfi\nsource_framework=\"${BUILT_PRODUCTS_DIR:?}/PackageFrameworks/HelixDevSupport.framework\"\ndestination_framework=\"${TARGET_BUILD_DIR:?}/${FRAMEWORKS_FOLDER_PATH:?}/HelixDevSupport.framework\"\nif [ ! -d \"$source_framework\" ]; then\n    echo \"error: Helix Debug support framework was not built\" >&2\n    exit 1\nfi\n/bin/mkdir -p \"${TARGET_BUILD_DIR:?}/${FRAMEWORKS_FOLDER_PATH:?}\"\ncase \"$destination_framework\" in\n    \"${TARGET_BUILD_DIR:?}/\"*) ;;\n    *) echo \"error: invalid Helix Debug support destination\" >&2; exit 1 ;;\nesac\n/usr/bin/rsync -a --delete \"$source_framework/\" \"$destination_framework/\"\nif [ \"${CODE_SIGNING_ALLOWED:-YES}\" != NO ] && [ -n \"${EXPANDED_CODE_SIGN_IDENTITY:-}\" ]; then\n    /usr/bin/codesign --force --sign \"$EXPANDED_CODE_SIGN_IDENTITY\"         --preserve-metadata=identifier,entitlements,flags \"$destination_framework\"\nfi"; showEnvVarsInLog = 0; };
/* End PBXShellScriptBuildPhase section */

/* Begin PBXSourcesBuildPhase section */
		300000000000000000000001 /* Sources */ = {
			isa = PBXSourcesBuildPhase;
			buildActionMask = 2147483647;
			files = (
				400000000000000000000001 /* LiveReloadE2E.Feature.swift in Sources */,
				400000000000000000000002 /* LiveReloadE2E.Support.swift in Sources */,
			);
			runOnlyForDeploymentPostprocessing = 0;
		};
		300000000000000000000005 = { buildActionMask = 2147483647; files = (400000000000000000000001, 400000000000000000000002, 400000000000000000000004, 3E2AA715D510D586A999DD7A, ); isa = PBXSourcesBuildPhase; runOnlyForDeploymentPostprocessing = 0; };
		300000000000000000000009 /* Sources */ = {
			isa = PBXSourcesBuildPhase;
			buildActionMask = 2147483647;
			files = (
				40000000000000000000000B /* ReleaseRuntimeHost.Application.swift in Sources */,
			);
			runOnlyForDeploymentPostprocessing = 0;
		};
		30000000000000000000000B /* Sources */ = {
			isa = PBXSourcesBuildPhase;
			buildActionMask = 2147483647;
			files = (
				40000000000000000000000D /* DevRuntimeIOSTests.UIKit.swift in Sources */,
			);
			runOnlyForDeploymentPostprocessing = 0;
		};
/* End PBXSourcesBuildPhase section */

/* Begin PBXTargetDependency section */
		810000000000000000000001 /* PBXTargetDependency */ = {
			isa = PBXTargetDependency;
			target = 200000000000000000000001 /* LiveReloadE2E */;
			targetProxy = 800000000000000000000001 /* PBXContainerItemProxy */;
		};
/* End PBXTargetDependency section */

/* Begin XCBuildConfiguration section */
		500000000000000000000001 /* Debug */ = {
			isa = XCBuildConfiguration;
			buildSettings = {
				ALWAYS_SEARCH_USER_PATHS = NO;
				CLANG_ENABLE_MODULES = YES;
				DEBUG_INFORMATION_FORMAT = dwarf;
				ENABLE_TESTABILITY = YES;
				IPHONEOS_DEPLOYMENT_TARGET = 15.0;
				ONLY_ACTIVE_ARCH = YES;
				SDKROOT = iphoneos;
				SWIFT_ACTIVE_COMPILATION_CONDITIONS = DEBUG;
				SWIFT_OPTIMIZATION_LEVEL = "-Onone";
				SWIFT_VERSION = 6.0;
			};
			name = Debug;
		};
		500000000000000000000002 /* Release */ = {
			isa = XCBuildConfiguration;
			buildSettings = {
				ALWAYS_SEARCH_USER_PATHS = NO;
				CLANG_ENABLE_MODULES = YES;
				DEBUG_INFORMATION_FORMAT = "dwarf-with-dsym";
				IPHONEOS_DEPLOYMENT_TARGET = 15.0;
				SDKROOT = iphoneos;
				SWIFT_COMPILATION_MODE = wholemodule;
				SWIFT_OPTIMIZATION_LEVEL = "-O";
				SWIFT_VERSION = 6.0;
			};
			name = Release;
		};
		500000000000000000000003 /* Debug */ = {
			isa = XCBuildConfiguration;
			baseConfigurationReference = 10000000000000000000000D /* Live Feature.xcconfig */;
			buildSettings = {
				ARCHS = arm64;
				CODE_SIGNING_ALLOWED = NO;
				CURRENT_PROJECT_VERSION = 1;
				DEFINES_MODULE = YES;
				DYLIB_INSTALL_NAME_BASE = "@rpath";
				GENERATE_INFOPLIST_FILE = YES;
				MACH_O_TYPE = mh_dylib;
				MARKETING_VERSION = 1.0;
				OTHER_SWIFT_FLAGS = "$(inherited) -Xfrontend -enable-private-imports -Xfrontend -enable-implicit-dynamic -Xfrontend -enable-dynamic-replacement-chaining";
				PRODUCT_BUNDLE_IDENTIFIER = dev.helix.live-reload-e2e.feature;
				PRODUCT_NAME = "$(TARGET_NAME)";
				SKIP_INSTALL = YES;
				SUPPORTED_PLATFORMS = iphonesimulator;
			};
			name = Debug;
		};
		500000000000000000000004 /* Release */ = {
			isa = XCBuildConfiguration;
			baseConfigurationReference = 10000000000000000000000D /* Live Feature.xcconfig */;
			buildSettings = {
				CODE_SIGNING_ALLOWED = NO;
				CURRENT_PROJECT_VERSION = 1;
				DEFINES_MODULE = YES;
				GENERATE_INFOPLIST_FILE = YES;
				MARKETING_VERSION = 1.0;
				PRODUCT_BUNDLE_IDENTIFIER = dev.helix.live-reload-e2e.feature;
				PRODUCT_NAME = "$(TARGET_NAME)";
				SKIP_INSTALL = YES;
			};
			name = Release;
		};
		500000000000000000000007 = { baseConfigurationReference = 395BAFA23B49263A638BB341; buildSettings = { ALWAYS_EMBED_SWIFT_STANDARD_LIBRARIES = YES; ARCHS = arm64; CODE_SIGNING_ALLOWED = NO; CURRENT_PROJECT_VERSION = 1; ENABLE_USER_SCRIPT_SANDBOXING = NO; GENERATE_INFOPLIST_FILE = NO; INFOPLIST_FILE = Host/Info.plist; LD_RUNPATH_SEARCH_PATHS = "$(inherited) @executable_path/Frameworks"; MARKETING_VERSION = 1.0; PRODUCT_BUNDLE_IDENTIFIER = dev.helix.live-reload-e2e; PRODUCT_MODULE_NAME = LiveReloadE2E; PRODUCT_NAME = "$(TARGET_NAME)"; SUPPORTED_PLATFORMS = iphonesimulator; TARGETED_DEVICE_FAMILY = 1; }; isa = XCBuildConfiguration; name = Debug; };
		500000000000000000000008 /* Release */ = {
			isa = XCBuildConfiguration;
			buildSettings = {
				CODE_SIGNING_ALLOWED = NO;
				CURRENT_PROJECT_VERSION = 1;
				ENABLE_USER_SCRIPT_SANDBOXING = NO;
				GENERATE_INFOPLIST_FILE = NO;
				INFOPLIST_FILE = Host/Info.plist;
				LD_RUNPATH_SEARCH_PATHS = "$(inherited) @executable_path/Frameworks";
				MARKETING_VERSION = 1.0;
				PRODUCT_BUNDLE_IDENTIFIER = dev.helix.live-reload-e2e;
				PRODUCT_NAME = "$(TARGET_NAME)";
				TARGETED_DEVICE_FAMILY = 1;
			};
			name = Release;
		};
		500000000000000000000009 /* Debug */ = {
			isa = XCBuildConfiguration;
			buildSettings = {
				ALWAYS_EMBED_SWIFT_STANDARD_LIBRARIES = YES;
				ARCHS = arm64;
				CODE_SIGNING_ALLOWED = NO;
				CURRENT_PROJECT_VERSION = 1;
				GENERATE_INFOPLIST_FILE = YES;
				INFOPLIST_KEY_CFBundleDisplayName = "Helix Release Audit";
				INFOPLIST_KEY_UILaunchScreen_Generation = YES;
				LD_RUNPATH_SEARCH_PATHS = "$(inherited) @executable_path/Frameworks";
				MARKETING_VERSION = 1.0;
				PRODUCT_BUNDLE_IDENTIFIER = dev.helix.release-runtime-e2e;
				PRODUCT_MODULE_NAME = ReleaseRuntimeHost;
				PRODUCT_NAME = "$(TARGET_NAME)";
				SUPPORTED_PLATFORMS = iphonesimulator;
				TARGETED_DEVICE_FAMILY = 1;
			};
			name = Debug;
		};
		50000000000000000000000A /* Release */ = {
			isa = XCBuildConfiguration;
			buildSettings = {
				ALWAYS_EMBED_SWIFT_STANDARD_LIBRARIES = YES;
				ARCHS = arm64;
				CODE_SIGNING_ALLOWED = NO;
				CURRENT_PROJECT_VERSION = 1;
				GENERATE_INFOPLIST_FILE = YES;
				INFOPLIST_KEY_CFBundleDisplayName = "Helix Release Audit";
				INFOPLIST_KEY_UILaunchScreen_Generation = YES;
				LD_RUNPATH_SEARCH_PATHS = "$(inherited) @executable_path/Frameworks";
				MARKETING_VERSION = 1.0;
				PRODUCT_BUNDLE_IDENTIFIER = dev.helix.release-runtime-e2e;
				PRODUCT_MODULE_NAME = ReleaseRuntimeHost;
				PRODUCT_NAME = "$(TARGET_NAME)";
				SUPPORTED_PLATFORMS = iphonesimulator;
				TARGETED_DEVICE_FAMILY = 1;
			};
			name = Release;
		};
		50000000000000000000000B /* Debug */ = {
			isa = XCBuildConfiguration;
			buildSettings = {
				ARCHS = arm64;
				CODE_SIGNING_ALLOWED = NO;
				GENERATE_INFOPLIST_FILE = YES;
				LD_RUNPATH_SEARCH_PATHS = "$(inherited) @loader_path/Frameworks @loader_path/../Frameworks";
				PRODUCT_BUNDLE_IDENTIFIER = dev.helix.live-reload-ui-tests;
				PRODUCT_NAME = "$(TARGET_NAME)";
				SUPPORTED_PLATFORMS = iphonesimulator;
				SWIFT_VERSION = 6.0;
			};
			name = Debug;
		};
		50000000000000000000000C /* Release */ = {
			isa = XCBuildConfiguration;
			buildSettings = {
				ARCHS = arm64;
				CODE_SIGNING_ALLOWED = NO;
				GENERATE_INFOPLIST_FILE = YES;
				LD_RUNPATH_SEARCH_PATHS = "$(inherited) @loader_path/Frameworks @loader_path/../Frameworks";
				PRODUCT_BUNDLE_IDENTIFIER = dev.helix.live-reload-ui-tests;
				PRODUCT_NAME = "$(TARGET_NAME)";
				SUPPORTED_PLATFORMS = iphonesimulator;
				SWIFT_VERSION = 6.0;
			};
			name = Release;
		};
/* End XCBuildConfiguration section */

/* Begin XCConfigurationList section */
		600000000000000000000001 /* Build configuration list for PBXProject "LiveReloadE2EHost" */ = {
			isa = XCConfigurationList;
			buildConfigurations = (
				500000000000000000000001 /* Debug */,
				500000000000000000000002 /* Release */,
			);
			defaultConfigurationIsVisible = 0;
			defaultConfigurationName = Debug;
		};
		600000000000000000000002 /* Build configuration list for PBXNativeTarget "LiveReloadE2E" */ = {
			isa = XCConfigurationList;
			buildConfigurations = (
				500000000000000000000003 /* Debug */,
				500000000000000000000004 /* Release */,
			);
			defaultConfigurationIsVisible = 0;
			defaultConfigurationName = Debug;
		};
		600000000000000000000004 /* Build configuration list for PBXNativeTarget "LiveReloadE2EHost" */ = {
			isa = XCConfigurationList;
			buildConfigurations = (
				500000000000000000000007 /* Debug */,
				500000000000000000000008 /* Release */,
			);
			defaultConfigurationIsVisible = 0;
			defaultConfigurationName = Debug;
		};
		600000000000000000000005 /* Build configuration list for PBXNativeTarget "ReleaseRuntimeHost" */ = {
			isa = XCConfigurationList;
			buildConfigurations = (
				500000000000000000000009 /* Debug */,
				50000000000000000000000A /* Release */,
			);
			defaultConfigurationIsVisible = 0;
			defaultConfigurationName = Release;
		};
		600000000000000000000006 /* Build configuration list for PBXNativeTarget "LiveReloadUIKitTests" */ = {
			isa = XCConfigurationList;
			buildConfigurations = (
				50000000000000000000000B /* Debug */,
				50000000000000000000000C /* Release */,
			);
			defaultConfigurationIsVisible = 0;
			defaultConfigurationName = Debug;
		};
/* End XCConfigurationList section */

/* Begin XCLocalSwiftPackageReference section */
		700000000000000000000001 /* XCLocalSwiftPackageReference "../../.." */ = {
			isa = XCLocalSwiftPackageReference;
			relativePath = ../../..;
		};
/* End XCLocalSwiftPackageReference section */

/* Begin XCSwiftPackageProductDependency section */
		710000000000000000000001 = { isa = XCSwiftPackageProductDependency; package = 700000000000000000000001; productName = HelixAppIntegration; };
		710000000000000000000002 /* HelixAppIntegration */ = {
			isa = XCSwiftPackageProductDependency;
			package = 700000000000000000000001 /* XCLocalSwiftPackageReference "../../.." */;
			productName = HelixAppIntegration;
		};
		710000000000000000000003 /* HelixDevRuntime */ = {
			isa = XCSwiftPackageProductDependency;
			package = 700000000000000000000001 /* XCLocalSwiftPackageReference "../../.." */;
			productName = HelixDevRuntime;
		};
		1B80FC2F8C2C376290B7C42D = { isa = XCSwiftPackageProductDependency; package = 700000000000000000000001; productName = HelixDevSupport; };
/* End XCSwiftPackageProductDependency section */
	};
	rootObject = 000000000000000000000001 /* Project object */;
}
